// !$*UTF8*$!
{
	archiveVersion = 1;
	classes = {
	};
	objectVersion = 46;
	objects = {

/* Begin PBXBuildFile section */
		3C0CB6D363A9D0903DFA378B /* Pods_OldPushNotificationsSwift.framework in Frameworks */ = {isa = PBXBuildFile; fileRef = D54C57097F157F6AB5DB3BFF /* Pods_OldPushNotificationsSwift.framework */; };
		510190EF1DC4167900BF21AA /* AppDelegate.swift in Sources */ = {isa = PBXBuildFile; fileRef = 510190EE1DC4167900BF21AA /* AppDelegate.swift */; };
		510190F11DC4167900BF21AA /* ViewController.swift in Sources */ = {isa = PBXBuildFile; fileRef = 510190F01DC4167900BF21AA /* ViewController.swift */; };
		510190F41DC4167900BF21AA /* Main.storyboard in Resources */ = {isa = PBXBuildFile; fileRef = 510190F21DC4167900BF21AA /* Main.storyboard */; };
		510190F61DC4167900BF21AA /* Assets.xcassets in Resources */ = {isa = PBXBuildFile; fileRef = 510190F51DC4167900BF21AA /* Assets.xcassets */; };
		510190F91DC4167900BF21AA /* LaunchScreen.storyboard in Resources */ = {isa = PBXBuildFile; fileRef = 510190F71DC4167900BF21AA /* LaunchScreen.storyboard */; };
		510191041DC4167900BF21AA /* OldPushNotificationsSwiftTests.swift in Sources */ = {isa = PBXBuildFile; fileRef = 510191031DC4167900BF21AA /* OldPushNotificationsSwiftTests.swift */; };
		5101910F1DC4167900BF21AA /* OldPushNotificationsSwiftUITests.swift in Sources */ = {isa = PBXBuildFile; fileRef = 5101910E1DC4167900BF21AA /* OldPushNotificationsSwiftUITests.swift */; };
/* End PBXBuildFile section */

/* Begin PBXContainerItemProxy section */
		510191001DC4167900BF21AA /* PBXContainerItemProxy */ = {
			isa = PBXContainerItemProxy;
			containerPortal = 510190E31DC4167900BF21AA /* Project object */;
			proxyType = 1;
			remoteGlobalIDString = 510190EA1DC4167900BF21AA;
			remoteInfo = OldPushNotificationsSwift;
		};
		5101910B1DC4167900BF21AA /* PBXContainerItemProxy */ = {
			isa = PBXContainerItemProxy;
			containerPortal = 510190E31DC4167900BF21AA /* Project object */;
			proxyType = 1;
			remoteGlobalIDString = 510190EA1DC4167900BF21AA;
			remoteInfo = OldPushNotificationsSwift;
		};
/* End PBXContainerItemProxy section */

/* Begin PBXFileReference section */
		4F5F00719753EC53DAADFF01 /* Pods-OldPushNotificationsSwift.debug.xcconfig */ = {isa = PBXFileReference; includeInIndex = 1; lastKnownFileType = text.xcconfig; name = "Pods-OldPushNotificationsSwift.debug.xcconfig"; path = "../../Pods/Target Support Files/Pods-OldPushNotificationsSwift/Pods-OldPushNotificationsSwift.debug.xcconfig"; sourceTree = "<group>"; };
		510190EB1DC4167900BF21AA /* OldPushNotificationsSwift.app */ = {isa = PBXFileReference; explicitFileType = wrapper.application; includeInIndex = 0; path = OldPushNotificationsSwift.app; sourceTree = BUILT_PRODUCTS_DIR; };
		510190EE1DC4167900BF21AA /* AppDelegate.swift */ = {isa = PBXFileReference; lastKnownFileType = sourcecode.swift; path = AppDelegate.swift; sourceTree = "<group>"; };
		510190F01DC4167900BF21AA /* ViewController.swift */ = {isa = PBXFileReference; lastKnownFileType = sourcecode.swift; path = ViewController.swift; sourceTree = "<group>"; };
		510190F31DC4167900BF21AA /* Base */ = {isa = PBXFileReference; lastKnownFileType = file.storyboard; name = Base; path = Base.lproj/Main.storyboard; sourceTree = "<group>"; };
		510190F51DC4167900BF21AA /* Assets.xcassets */ = {isa = PBXFileReference; lastKnownFileType = folder.assetcatalog; path = Assets.xcassets; sourceTree = "<group>"; };
		510190F81DC4167900BF21AA /* Base */ = {isa = PBXFileReference; lastKnownFileType = file.storyboard; name = Base; path = Base.lproj/LaunchScreen.storyboard; sourceTree = "<group>"; };
		510190FA1DC4167900BF21AA /* Info.plist */ = {isa = PBXFileReference; lastKnownFileType = text.plist.xml; path = Info.plist; sourceTree = "<group>"; };
		510190FF1DC4167900BF21AA /* OldPushNotificationsSwiftTests.xctest */ = {isa = PBXFileReference; explicitFileType = wrapper.cfbundle; includeInIndex = 0; path = OldPushNotificationsSwiftTests.xctest; sourceTree = BUILT_PRODUCTS_DIR; };
		510191031DC4167900BF21AA /* OldPushNotificationsSwiftTests.swift */ = {isa = PBXFileReference; lastKnownFileType = sourcecode.swift; path = OldPushNotificationsSwiftTests.swift; sourceTree = "<group>"; };
		510191051DC4167900BF21AA /* Info.plist */ = {isa = PBXFileReference; lastKnownFileType = text.plist.xml; path = Info.plist; sourceTree = "<group>"; };
		5101910A1DC4167900BF21AA /* OldPushNotificationsSwiftUITests.xctest */ = {isa = PBXFileReference; explicitFileType = wrapper.cfbundle; includeInIndex = 0; path = OldPushNotificationsSwiftUITests.xctest; sourceTree = BUILT_PRODUCTS_DIR; };
		5101910E1DC4167900BF21AA /* OldPushNotificationsSwiftUITests.swift */ = {isa = PBXFileReference; lastKnownFileType = sourcecode.swift; path = OldPushNotificationsSwiftUITests.swift; sourceTree = "<group>"; };
		510191101DC4167900BF21AA /* Info.plist */ = {isa = PBXFileReference; lastKnownFileType = text.plist.xml; path = Info.plist; sourceTree = "<group>"; };
		645271A0B1C223C68123CB10 /* Pods-OldPushNotificationsSwift.release.xcconfig */ = {isa = PBXFileReference; includeInIndex = 1; lastKnownFileType = text.xcconfig; name = "Pods-OldPushNotificationsSwift.release.xcconfig"; path = "../../Pods/Target Support Files/Pods-OldPushNotificationsSwift/Pods-OldPushNotificationsSwift.release.xcconfig"; sourceTree = "<group>"; };
		D54C57097F157F6AB5DB3BFF /* Pods_OldPushNotificationsSwift.framework */ = {isa = PBXFileReference; explicitFileType = wrapper.framework; includeInIndex = 0; path = Pods_OldPushNotificationsSwift.framework; sourceTree = BUILT_PRODUCTS_DIR; };
/* End PBXFileReference section */

/* Begin PBXFrameworksBuildPhase section */
		510190E81DC4167900BF21AA /* Frameworks */ = {
			isa = PBXFrameworksBuildPhase;
			buildActionMask = 2147483647;
			files = (
				3C0CB6D363A9D0903DFA378B /* Pods_OldPushNotificationsSwift.framework in Frameworks */,
			);
			runOnlyForDeploymentPostprocessing = 0;
		};
		510190FC1DC4167900BF21AA /* Frameworks */ = {
			isa = PBXFrameworksBuildPhase;
			buildActionMask = 2147483647;
			files = (
			);
			runOnlyForDeploymentPostprocessing = 0;
		};
		510191071DC4167900BF21AA /* Frameworks */ = {
			isa = PBXFrameworksBuildPhase;
			buildActionMask = 2147483647;
			files = (
			);
			runOnlyForDeploymentPostprocessing = 0;
		};
/* End PBXFrameworksBuildPhase section */

/* Begin PBXGroup section */
		0FE7F3B2402C7C2093930D6B /* Frameworks */ = {
			isa = PBXGroup;
			children = (
				D54C57097F157F6AB5DB3BFF /* Pods_OldPushNotificationsSwift.framework */,
			);
			name = Frameworks;
			sourceTree = "<group>";
		};
		334AE4B0D41342FEB76C7BDB /* Pods */ = {
			isa = PBXGroup;
			children = (
				4F5F00719753EC53DAADFF01 /* Pods-OldPushNotificationsSwift.debug.xcconfig */,
				645271A0B1C223C68123CB10 /* Pods-OldPushNotificationsSwift.release.xcconfig */,
			);
			name = Pods;
			sourceTree = "<group>";
		};
		510190E21DC4167900BF21AA = {
			isa = PBXGroup;
			children = (
				510190ED1DC4167900BF21AA /* OldPushNotificationsSwift */,
				510191021DC4167900BF21AA /* OldPushNotificationsSwiftTests */,
				5101910D1DC4167900BF21AA /* OldPushNotificationsSwiftUITests */,
				510190EC1DC4167900BF21AA /* Products */,
				334AE4B0D41342FEB76C7BDB /* Pods */,
				0FE7F3B2402C7C2093930D6B /* Frameworks */,
			);
			sourceTree = "<group>";
		};
		510190EC1DC4167900BF21AA /* Products */ = {
			isa = PBXGroup;
			children = (
				510190EB1DC4167900BF21AA /* OldPushNotificationsSwift.app */,
				510190FF1DC4167900BF21AA /* OldPushNotificationsSwiftTests.xctest */,
				5101910A1DC4167900BF21AA /* OldPushNotificationsSwiftUITests.xctest */,
			);
			name = Products;
			sourceTree = "<group>";
		};
		510190ED1DC4167900BF21AA /* OldPushNotificationsSwift */ = {
			isa = PBXGroup;
			children = (
				510190EE1DC4167900BF21AA /* AppDelegate.swift */,
				510190F01DC4167900BF21AA /* ViewController.swift */,
				510190F21DC4167900BF21AA /* Main.storyboard */,
				510190F51DC4167900BF21AA /* Assets.xcassets */,
				510190F71DC4167900BF21AA /* LaunchScreen.storyboard */,
				510190FA1DC4167900BF21AA /* Info.plist */,
			);
			path = OldPushNotificationsSwift;
			sourceTree = "<group>";
		};
		510191021DC4167900BF21AA /* OldPushNotificationsSwiftTests */ = {
			isa = PBXGroup;
			children = (
				510191031DC4167900BF21AA /* OldPushNotificationsSwiftTests.swift */,
				510191051DC4167900BF21AA /* Info.plist */,
			);
			path = OldPushNotificationsSwiftTests;
			sourceTree = "<group>";
		};
		5101910D1DC4167900BF21AA /* OldPushNotificationsSwiftUITests */ = {
			isa = PBXGroup;
			children = (
				5101910E1DC4167900BF21AA /* OldPushNotificationsSwiftUITests.swift */,
				510191101DC4167900BF21AA /* Info.plist */,
			);
			path = OldPushNotificationsSwiftUITests;
			sourceTree = "<group>";
		};
/* End PBXGroup section */

/* Begin PBXNativeTarget section */
		510190EA1DC4167900BF21AA /* OldPushNotificationsSwift */ = {
			isa = PBXNativeTarget;
			buildConfigurationList = 510191131DC4167900BF21AA /* Build configuration list for PBXNativeTarget "OldPushNotificationsSwift" */;
			buildPhases = (
				15ED308092962C6A4267F45B /* [CP] Check Pods Manifest.lock */,
				510190E71DC4167900BF21AA /* Sources */,
				510190E81DC4167900BF21AA /* Frameworks */,
				510190E91DC4167900BF21AA /* Resources */,
				5ECF010F4374605FE7AB4BF8 /* [CP] Embed Pods Frameworks */,
				70E73ACF4A73536BD9D1178B /* [CP] Copy Pods Resources */,
			);
			buildRules = (
			);
			dependencies = (
			);
			name = OldPushNotificationsSwift;
			productName = OldPushNotificationsSwift;
			productReference = 510190EB1DC4167900BF21AA /* OldPushNotificationsSwift.app */;
			productType = "com.apple.product-type.application";
		};
		510190FE1DC4167900BF21AA /* OldPushNotificationsSwiftTests */ = {
			isa = PBXNativeTarget;
			buildConfigurationList = 510191161DC4167900BF21AA /* Build configuration list for PBXNativeTarget "OldPushNotificationsSwiftTests" */;
			buildPhases = (
				510190FB1DC4167900BF21AA /* Sources */,
				510190FC1DC4167900BF21AA /* Frameworks */,
				510190FD1DC4167900BF21AA /* Resources */,
			);
			buildRules = (
			);
			dependencies = (
				510191011DC4167900BF21AA /* PBXTargetDependency */,
			);
			name = OldPushNotificationsSwiftTests;
			productName = OldPushNotificationsSwiftTests;
			productReference = 510190FF1DC4167900BF21AA /* OldPushNotificationsSwiftTests.xctest */;
			productType = "com.apple.product-type.bundle.unit-test";
		};
		510191091DC4167900BF21AA /* OldPushNotificationsSwiftUITests */ = {
			isa = PBXNativeTarget;
			buildConfigurationList = 510191191DC4167900BF21AA /* Build configuration list for PBXNativeTarget "OldPushNotificationsSwiftUITests" */;
			buildPhases = (
				510191061DC4167900BF21AA /* Sources */,
				510191071DC4167900BF21AA /* Frameworks */,
				510191081DC4167900BF21AA /* Resources */,
			);
			buildRules = (
			);
			dependencies = (
				5101910C1DC4167900BF21AA /* PBXTargetDependency */,
			);
			name = OldPushNotificationsSwiftUITests;
			productName = OldPushNotificationsSwiftUITests;
			productReference = 5101910A1DC4167900BF21AA /* OldPushNotificationsSwiftUITests.xctest */;
			productType = "com.apple.product-type.bundle.ui-testing";
		};
/* End PBXNativeTarget section */

/* Begin PBXProject section */
		510190E31DC4167900BF21AA /* Project object */ = {
			isa = PBXProject;
			attributes = {
				LastSwiftUpdateCheck = 0810;
				LastUpgradeCheck = 0810;
				ORGANIZATIONNAME = PubNub;
				TargetAttributes = {
					510190EA1DC4167900BF21AA = {
						CreatedOnToolsVersion = 8.1;
						DevelopmentTeam = 8XP4D6N55Z;
						ProvisioningStyle = Automatic;
					};
					510190FE1DC4167900BF21AA = {
						CreatedOnToolsVersion = 8.1;
						DevelopmentTeam = 8XP4D6N55Z;
						ProvisioningStyle = Automatic;
						TestTargetID = 510190EA1DC4167900BF21AA;
					};
					510191091DC4167900BF21AA = {
						CreatedOnToolsVersion = 8.1;
						DevelopmentTeam = 8XP4D6N55Z;
						ProvisioningStyle = Automatic;
						TestTargetID = 510190EA1DC4167900BF21AA;
					};
				};
			};
			buildConfigurationList = 510190E61DC4167900BF21AA /* Build configuration list for PBXProject "OldPushNotificationsSwift" */;
			compatibilityVersion = "Xcode 3.2";
			developmentRegion = English;
			hasScannedForEncodings = 0;
			knownRegions = (
				en,
				Base,
			);
			mainGroup = 510190E21DC4167900BF21AA;
			productRefGroup = 510190EC1DC4167900BF21AA /* Products */;
			projectDirPath = "";
			projectRoot = "";
			targets = (
				510190EA1DC4167900BF21AA /* OldPushNotificationsSwift */,
				510190FE1DC4167900BF21AA /* OldPushNotificationsSwiftTests */,
				510191091DC4167900BF21AA /* OldPushNotificationsSwiftUITests */,
			);
		};
/* End PBXProject section */

/* Begin PBXResourcesBuildPhase section */
		510190E91DC4167900BF21AA /* Resources */ = {
			isa = PBXResourcesBuildPhase;
			buildActionMask = 2147483647;
			files = (
				510190F91DC4167900BF21AA /* LaunchScreen.storyboard in Resources */,
				510190F61DC4167900BF21AA /* Assets.xcassets in Resources */,
				510190F41DC4167900BF21AA /* Main.storyboard in Resources */,
			);
			runOnlyForDeploymentPostprocessing = 0;
		};
		510190FD1DC4167900BF21AA /* Resources */ = {
			isa = PBXResourcesBuildPhase;
			buildActionMask = 2147483647;
			files = (
			);
			runOnlyForDeploymentPostprocessing = 0;
		};
		510191081DC4167900BF21AA /* Resources */ = {
			isa = PBXResourcesBuildPhase;
			buildActionMask = 2147483647;
			files = (
			);
			runOnlyForDeploymentPostprocessing = 0;
		};
/* End PBXResourcesBuildPhase section */

/* Begin PBXShellScriptBuildPhase section */
		15ED308092962C6A4267F45B /* [CP] Check Pods Manifest.lock */ = {
			isa = PBXShellScriptBuildPhase;
			buildActionMask = 2147483647;
			files = (
			);
			inputPaths = (
			);
			name = "[CP] Check Pods Manifest.lock";
			outputPaths = (
			);
			runOnlyForDeploymentPostprocessing = 0;
			shellPath = /bin/sh;
			shellScript = "diff \"${PODS_ROOT}/../Podfile.lock\" \"${PODS_ROOT}/Manifest.lock\" > /dev/null\nif [ $? != 0 ] ; then\n    # print error to STDERR\n    echo \"error: The sandbox is not in sync with the Podfile.lock. Run 'pod install' or update your CocoaPods installation.\" >&2\n    exit 1\nfi\n";
			showEnvVarsInLog = 0;
		};
		5ECF010F4374605FE7AB4BF8 /* [CP] Embed Pods Frameworks */ = {
			isa = PBXShellScriptBuildPhase;
			buildActionMask = 2147483647;
			files = (
			);
			inputPaths = (
			);
			name = "[CP] Embed Pods Frameworks";
			outputPaths = (
			);
			runOnlyForDeploymentPostprocessing = 0;
			shellPath = /bin/sh;
			shellScript = "\"${SRCROOT}/../../Pods/Target Support Files/Pods-OldPushNotificationsSwift/Pods-OldPushNotificationsSwift-frameworks.sh\"\n";
			showEnvVarsInLog = 0;
		};
		70E73ACF4A73536BD9D1178B /* [CP] Copy Pods Resources */ = {
			isa = PBXShellScriptBuildPhase;
			buildActionMask = 2147483647;
			files = (
			);
			inputPaths = (
			);
			name = "[CP] Copy Pods Resources";
			outputPaths = (
			);
			runOnlyForDeploymentPostprocessing = 0;
			shellPath = /bin/sh;
			shellScript = "\"${SRCROOT}/../../Pods/Target Support Files/Pods-OldPushNotificationsSwift/Pods-OldPushNotificationsSwift-resources.sh\"\n";
			showEnvVarsInLog = 0;
		};
/* End PBXShellScriptBuildPhase section */

/* Begin PBXSourcesBuildPhase section */
		510190E71DC4167900BF21AA /* Sources */ = {
			isa = PBXSourcesBuildPhase;
			buildActionMask = 2147483647;
			files = (
				510190F11DC4167900BF21AA /* ViewController.swift in Sources */,
				510190EF1DC4167900BF21AA /* AppDelegate.swift in Sources */,
			);
			runOnlyForDeploymentPostprocessing = 0;
		};
		510190FB1DC4167900BF21AA /* Sources */ = {
			isa = PBXSourcesBuildPhase;
			buildActionMask = 2147483647;
			files = (
				510191041DC4167900BF21AA /* OldPushNotificationsSwiftTests.swift in Sources */,
			);
			runOnlyForDeploymentPostprocessing = 0;
		};
		510191061DC4167900BF21AA /* Sources */ = {
			isa = PBXSourcesBuildPhase;
			buildActionMask = 2147483647;
			files = (
				5101910F1DC4167900BF21AA /* OldPushNotificationsSwiftUITests.swift in Sources */,
			);
			runOnlyForDeploymentPostprocessing = 0;
		};
/* End PBXSourcesBuildPhase section */

/* Begin PBXTargetDependency section */
		510191011DC4167900BF21AA /* PBXTargetDependency */ = {
			isa = PBXTargetDependency;
			target = 510190EA1DC4167900BF21AA /* OldPushNotificationsSwift */;
			targetProxy = 510191001DC4167900BF21AA /* PBXContainerItemProxy */;
		};
		5101910C1DC4167900BF21AA /* PBXTargetDependency */ = {
			isa = PBXTargetDependency;
			target = 510190EA1DC4167900BF21AA /* OldPushNotificationsSwift */;
			targetProxy = 5101910B1DC4167900BF21AA /* PBXContainerItemProxy */;
		};
/* End PBXTargetDependency section */

/* Begin PBXVariantGroup section */
		510190F21DC4167900BF21AA /* Main.storyboard */ = {
			isa = PBXVariantGroup;
			children = (
				510190F31DC4167900BF21AA /* Base */,
			);
			name = Main.storyboard;
			sourceTree = "<group>";
		};
		510190F71DC4167900BF21AA /* LaunchScreen.storyboard */ = {
			isa = PBXVariantGroup;
			children = (
				510190F81DC4167900BF21AA /* Base */,
			);
			name = LaunchScreen.storyboard;
			sourceTree = "<group>";
		};
/* End PBXVariantGroup section */

/* Begin XCBuildConfiguration section */
		510191111DC4167900BF21AA /* Debug */ = {
			isa = XCBuildConfiguration;
			buildSettings = {
				ALWAYS_SEARCH_USER_PATHS = NO;
				CLANG_ANALYZER_NONNULL = YES;
				CLANG_CXX_LANGUAGE_STANDARD = "gnu++0x";
				CLANG_CXX_LIBRARY = "libc++";
				CLANG_ENABLE_MODULES = YES;
				CLANG_ENABLE_OBJC_ARC = YES;
				CLANG_WARN_BOOL_CONVERSION = YES;
				CLANG_WARN_CONSTANT_CONVERSION = YES;
				CLANG_WARN_DIRECT_OBJC_ISA_USAGE = YES_ERROR;
				CLANG_WARN_DOCUMENTATION_COMMENTS = YES;
				CLANG_WARN_EMPTY_BODY = YES;
				CLANG_WARN_ENUM_CONVERSION = YES;
				CLANG_WARN_INFINITE_RECURSION = YES;
				CLANG_WARN_INT_CONVERSION = YES;
				CLANG_WARN_OBJC_ROOT_CLASS = YES_ERROR;
				CLANG_WARN_SUSPICIOUS_MOVES = YES;
				CLANG_WARN_UNREACHABLE_CODE = YES;
				CLANG_WARN__DUPLICATE_METHOD_MATCH = YES;
				"CODE_SIGN_IDENTITY[sdk=iphoneos*]" = "iPhone Developer";
				COPY_PHASE_STRIP = NO;
				DEBUG_INFORMATION_FORMAT = dwarf;
				ENABLE_STRICT_OBJC_MSGSEND = YES;
				ENABLE_TESTABILITY = YES;
				GCC_C_LANGUAGE_STANDARD = gnu99;
				GCC_DYNAMIC_NO_PIC = NO;
				GCC_NO_COMMON_BLOCKS = YES;
				GCC_OPTIMIZATION_LEVEL = 0;
				GCC_PREPROCESSOR_DEFINITIONS = (
					"DEBUG=1",
					"$(inherited)",
				);
				GCC_WARN_64_TO_32_BIT_CONVERSION = YES;
				GCC_WARN_ABOUT_RETURN_TYPE = YES_ERROR;
				GCC_WARN_UNDECLARED_SELECTOR = YES;
				GCC_WARN_UNINITIALIZED_AUTOS = YES_AGGRESSIVE;
				GCC_WARN_UNUSED_FUNCTION = YES;
				GCC_WARN_UNUSED_VARIABLE = YES;
				IPHONEOS_DEPLOYMENT_TARGET = 8.0;
				MTL_ENABLE_DEBUG_INFO = YES;
				ONLY_ACTIVE_ARCH = YES;
				SDKROOT = iphoneos;
				SWIFT_ACTIVE_COMPILATION_CONDITIONS = DEBUG;
				SWIFT_OPTIMIZATION_LEVEL = "-Onone";
				TARGETED_DEVICE_FAMILY = "1,2";
			};
			name = Debug;
		};
		510191121DC4167900BF21AA /* Release */ = {
			isa = XCBuildConfiguration;
			buildSettings = {
				ALWAYS_SEARCH_USER_PATHS = NO;
				CLANG_ANALYZER_NONNULL = YES;
				CLANG_CXX_LANGUAGE_STANDARD = "gnu++0x";
				CLANG_CXX_LIBRARY = "libc++";
				CLANG_ENABLE_MODULES = YES;
				CLANG_ENABLE_OBJC_ARC = YES;
				CLANG_WARN_BOOL_CONVERSION = YES;
				CLANG_WARN_CONSTANT_CONVERSION = YES;
				CLANG_WARN_DIRECT_OBJC_ISA_USAGE = YES_ERROR;
				CLANG_WARN_DOCUMENTATION_COMMENTS = YES;
				CLANG_WARN_EMPTY_BODY = YES;
				CLANG_WARN_ENUM_CONVERSION = YES;
				CLANG_WARN_INFINITE_RECURSION = YES;
				CLANG_WARN_INT_CONVERSION = YES;
				CLANG_WARN_OBJC_ROOT_CLASS = YES_ERROR;
				CLANG_WARN_SUSPICIOUS_MOVES = YES;
				CLANG_WARN_UNREACHABLE_CODE = YES;
				CLANG_WARN__DUPLICATE_METHOD_MATCH = YES;
				"CODE_SIGN_IDENTITY[sdk=iphoneos*]" = "iPhone Developer";
				COPY_PHASE_STRIP = NO;
				DEBUG_INFORMATION_FORMAT = "dwarf-with-dsym";
				ENABLE_NS_ASSERTIONS = NO;
				ENABLE_STRICT_OBJC_MSGSEND = YES;
				GCC_C_LANGUAGE_STANDARD = gnu99;
				GCC_NO_COMMON_BLOCKS = YES;
				GCC_WARN_64_TO_32_BIT_CONVERSION = YES;
				GCC_WARN_ABOUT_RETURN_TYPE = YES_ERROR;
				GCC_WARN_UNDECLARED_SELECTOR = YES;
				GCC_WARN_UNINITIALIZED_AUTOS = YES_AGGRESSIVE;
				GCC_WARN_UNUSED_FUNCTION = YES;
				GCC_WARN_UNUSED_VARIABLE = YES;
				IPHONEOS_DEPLOYMENT_TARGET = 8.0;
				MTL_ENABLE_DEBUG_INFO = NO;
				SDKROOT = iphoneos;
				SWIFT_OPTIMIZATION_LEVEL = "-Owholemodule";
				TARGETED_DEVICE_FAMILY = "1,2";
				VALIDATE_PRODUCT = YES;
			};
			name = Release;
		};
		510191141DC4167900BF21AA /* Debug */ = {
			isa = XCBuildConfiguration;
			baseConfigurationReference = 4F5F00719753EC53DAADFF01 /* Pods-OldPushNotificationsSwift.debug.xcconfig */;
			buildSettings = {
				ASSETCATALOG_COMPILER_APPICON_NAME = AppIcon;
				DEVELOPMENT_TEAM = 8XP4D6N55Z;
				INFOPLIST_FILE = OldPushNotificationsSwift/Info.plist;
				IPHONEOS_DEPLOYMENT_TARGET = 8.0;
				LD_RUNPATH_SEARCH_PATHS = "$(inherited) @executable_path/Frameworks";
				PRODUCT_BUNDLE_IDENTIFIER = com.PubNub.OldPushNotificationsSwift;
				PRODUCT_NAME = "$(TARGET_NAME)";
				SWIFT_VERSION = 3.0;
			};
			name = Debug;
		};
		510191151DC4167900BF21AA /* Release */ = {
			isa = XCBuildConfiguration;
			baseConfigurationReference = 645271A0B1C223C68123CB10 /* Pods-OldPushNotificationsSwift.release.xcconfig */;
			buildSettings = {
				ASSETCATALOG_COMPILER_APPICON_NAME = AppIcon;
				DEVELOPMENT_TEAM = 8XP4D6N55Z;
				INFOPLIST_FILE = OldPushNotificationsSwift/Info.plist;
				IPHONEOS_DEPLOYMENT_TARGET = 8.0;
				LD_RUNPATH_SEARCH_PATHS = "$(inherited) @executable_path/Frameworks";
				PRODUCT_BUNDLE_IDENTIFIER = com.PubNub.OldPushNotificationsSwift;
				PRODUCT_NAME = "$(TARGET_NAME)";
				SWIFT_VERSION = 3.0;
			};
			name = Release;
		};
		510191171DC4167900BF21AA /* Debug */ = {
			isa = XCBuildConfiguration;
			buildSettings = {
				ALWAYS_EMBED_SWIFT_STANDARD_LIBRARIES = YES;
				BUNDLE_LOADER = "$(TEST_HOST)";
				DEVELOPMENT_TEAM = 8XP4D6N55Z;
				INFOPLIST_FILE = OldPushNotificationsSwiftTests/Info.plist;
				LD_RUNPATH_SEARCH_PATHS = "$(inherited) @executable_path/Frameworks @loader_path/Frameworks";
				PRODUCT_BUNDLE_IDENTIFIER = com.PubNub.OldPushNotificationsSwiftTests;
				PRODUCT_NAME = "$(TARGET_NAME)";
				SWIFT_VERSION = 3.0;
				TEST_HOST = "$(BUILT_PRODUCTS_DIR)/OldPushNotificationsSwift.app/OldPushNotificationsSwift";
			};
			name = Debug;
		};
		510191181DC4167900BF21AA /* Release */ = {
			isa = XCBuildConfiguration;
			buildSettings = {
				ALWAYS_EMBED_SWIFT_STANDARD_LIBRARIES = YES;
				BUNDLE_LOADER = "$(TEST_HOST)";
				DEVELOPMENT_TEAM = 8XP4D6N55Z;
				INFOPLIST_FILE = OldPushNotificationsSwiftTests/Info.plist;
				LD_RUNPATH_SEARCH_PATHS = "$(inherited) @executable_path/Frameworks @loader_path/Frameworks";
				PRODUCT_BUNDLE_IDENTIFIER = com.PubNub.OldPushNotificationsSwiftTests;
				PRODUCT_NAME = "$(TARGET_NAME)";
				SWIFT_VERSION = 3.0;
				TEST_HOST = "$(BUILT_PRODUCTS_DIR)/OldPushNotificationsSwift.app/OldPushNotificationsSwift";
			};
			name = Release;
		};
		5101911A1DC4167900BF21AA /* Debug */ = {
			isa = XCBuildConfiguration;
			buildSettings = {
				ALWAYS_EMBED_SWIFT_STANDARD_LIBRARIES = YES;
				DEVELOPMENT_TEAM = 8XP4D6N55Z;
				INFOPLIST_FILE = OldPushNotificationsSwiftUITests/Info.plist;
				LD_RUNPATH_SEARCH_PATHS = "$(inherited) @executable_path/Frameworks @loader_path/Frameworks";
				PRODUCT_BUNDLE_IDENTIFIER = com.PubNub.OldPushNotificationsSwiftUITests;
				PRODUCT_NAME = "$(TARGET_NAME)";
				SWIFT_VERSION = 3.0;
				TEST_TARGET_NAME = OldPushNotificationsSwift;
			};
			name = Debug;
		};
		5101911B1DC4167900BF21AA /* Release */ = {
			isa = XCBuildConfiguration;
			buildSettings = {
				ALWAYS_EMBED_SWIFT_STANDARD_LIBRARIES = YES;
				DEVELOPMENT_TEAM = 8XP4D6N55Z;
				INFOPLIST_FILE = OldPushNotificationsSwiftUITests/Info.plist;
				LD_RUNPATH_SEARCH_PATHS = "$(inherited) @executable_path/Frameworks @loader_path/Frameworks";
				PRODUCT_BUNDLE_IDENTIFIER = com.PubNub.OldPushNotificationsSwiftUITests;
				PRODUCT_NAME = "$(TARGET_NAME)";
				SWIFT_VERSION = 3.0;
				TEST_TARGET_NAME = OldPushNotificationsSwift;
			};
			name = Release;
		};
/* End XCBuildConfiguration section */

/* Begin XCConfigurationList section */
		510190E61DC4167900BF21AA /* Build configuration list for PBXProject "OldPushNotificationsSwift" */ = {
			isa = XCConfigurationList;
			buildConfigurations = (
				510191111DC4167900BF21AA /* Debug */,
				510191121DC4167900BF21AA /* Release */,
			);
			defaultConfigurationIsVisible = 0;
			defaultConfigurationName = Release;
		};
		510191131DC4167900BF21AA /* Build configuration list for PBXNativeTarget "OldPushNotificationsSwift" */ = {
			isa = XCConfigurationList;
			buildConfigurations = (
				510191141DC4167900BF21AA /* Debug */,
				510191151DC4167900BF21AA /* Release */,
			);
			defaultConfigurationIsVisible = 0;
			defaultConfigurationName = Release;
		};
		510191161DC4167900BF21AA /* Build configuration list for PBXNativeTarget "OldPushNotificationsSwiftTests" */ = {
			isa = XCConfigurationList;
			buildConfigurations = (
				510191171DC4167900BF21AA /* Debug */,
				510191181DC4167900BF21AA /* Release */,
			);
			defaultConfigurationIsVisible = 0;
			defaultConfigurationName = Release;
		};
		510191191DC4167900BF21AA /* Build configuration list for PBXNativeTarget "OldPushNotificationsSwiftUITests" */ = {
			isa = XCConfigurationList;
			buildConfigurations = (
				5101911A1DC4167900BF21AA /* Debug */,
				5101911B1DC4167900BF21AA /* Release */,
			);
			defaultConfigurationIsVisible = 0;
			defaultConfigurationName = Release;
		};
/* End XCConfigurationList section */
	};
	rootObject = 510190E31DC4167900BF21AA /* Project object */;
}
