PODS:
  - Mapbox-iOS-SDK (3.3.7)
  - PubNub (4.5.9):
    - PubNub/Core (= 4.5.9)
  - PubNub/Core (4.5.9)

DEPENDENCIES:
  - Mapbox-iOS-SDK (~> 3.3)
  - PubNub

SPEC CHECKSUMS:
  Mapbox-iOS-SDK: 142301fa63a6719cbd2eacc0f9e8bf36c65930d9
  PubNub: fbcd3f98bced45b7d61de79cf3cd6822ee8c1858

PODFILE CHECKSUM: 4e496376fd1280674f398bf275918eab6a78fc8f

COCOAPODS: 1.1.1
