// !$*UTF8*$!
{
	archiveVersion = 1;
	classes = {
	};
	objectVersion = 46;
	objects = {

/* Begin PBXBuildFile section */
		510190751DC3F03400BF21AA /* main.m in Sources */ = {isa = PBXBuildFile; fileRef = 510190741DC3F03400BF21AA /* main.m */; };
		510190781DC3F03400BF21AA /* AppDelegate.m in Sources */ = {isa = PBXBuildFile; fileRef = 510190771DC3F03400BF21AA /* AppDelegate.m */; };
		5101907B1DC3F03400BF21AA /* ViewController.m in Sources */ = {isa = PBXBuildFile; fileRef = 5101907A1DC3F03400BF21AA /* ViewController.m */; };
		5101907E1DC3F03400BF21AA /* Main.storyboard in Resources */ = {isa = PBXBuildFile; fileRef = 5101907C1DC3F03400BF21AA /* Main.storyboard */; };
		510190801DC3F03400BF21AA /* Assets.xcassets in Resources */ = {isa = PBXBuildFile; fileRef = 5101907F1DC3F03400BF21AA /* Assets.xcassets */; };
		510190831DC3F03400BF21AA /* LaunchScreen.storyboard in Resources */ = {isa = PBXBuildFile; fileRef = 510190811DC3F03400BF21AA /* LaunchScreen.storyboard */; };
		5101908E1DC3F03400BF21AA /* OldPushNotificationsObjCTests.m in Sources */ = {isa = PBXBuildFile; fileRef = 5101908D1DC3F03400BF21AA /* OldPushNotificationsObjCTests.m */; };
		510190991DC3F03400BF21AA /* OldPushNotificationsObjCUITests.m in Sources */ = {isa = PBXBuildFile; fileRef = 510190981DC3F03400BF21AA /* OldPushNotificationsObjCUITests.m */; };
		7A0E122605F169D7E23F6CDC /* Pods_OldPushNotificationsObjC.framework in Frameworks */ = {isa = PBXBuildFile; fileRef = 1161D8D872FAF3EF970234F8 /* Pods_OldPushNotificationsObjC.framework */; };
/* End PBXBuildFile section */

/* Begin PBXContainerItemProxy section */
		5101908A1DC3F03400BF21AA /* PBXContainerItemProxy */ = {
			isa = PBXContainerItemProxy;
			containerPortal = 510190681DC3F03300BF21AA /* Project object */;
			proxyType = 1;
			remoteGlobalIDString = 5101906F1DC3F03300BF21AA;
			remoteInfo = OldPushNotificationsObjC;
		};
		510190951DC3F03400BF21AA /* PBXContainerItemProxy */ = {
			isa = PBXContainerItemProxy;
			containerPortal = 510190681DC3F03300BF21AA /* Project object */;
			proxyType = 1;
			remoteGlobalIDString = 5101906F1DC3F03300BF21AA;
			remoteInfo = OldPushNotificationsObjC;
		};
/* End PBXContainerItemProxy section */

/* Begin PBXFileReference section */
		0D7796D9D8D3222C7267D842 /* Pods-OldPushNotificationsObjC.release.xcconfig */ = {isa = PBXFileReference; includeInIndex = 1; lastKnownFileType = text.xcconfig; name = "Pods-OldPushNotificationsObjC.release.xcconfig"; path = "../../Pods/Target Support Files/Pods-OldPushNotificationsObjC/Pods-OldPushNotificationsObjC.release.xcconfig"; sourceTree = "<group>"; };
		1161D8D872FAF3EF970234F8 /* Pods_OldPushNotificationsObjC.framework */ = {isa = PBXFileReference; explicitFileType = wrapper.framework; includeInIndex = 0; path = Pods_OldPushNotificationsObjC.framework; sourceTree = BUILT_PRODUCTS_DIR; };
		510190701DC3F03300BF21AA /* OldPushNotificationsObjC.app */ = {isa = PBXFileReference; explicitFileType = wrapper.application; includeInIndex = 0; path = OldPushNotificationsObjC.app; sourceTree = BUILT_PRODUCTS_DIR; };
		510190741DC3F03400BF21AA /* main.m */ = {isa = PBXFileReference; lastKnownFileType = sourcecode.c.objc; path = main.m; sourceTree = "<group>"; };
		510190761DC3F03400BF21AA /* AppDelegate.h */ = {isa = PBXFileReference; lastKnownFileType = sourcecode.c.h; path = AppDelegate.h; sourceTree = "<group>"; };
		510190771DC3F03400BF21AA /* AppDelegate.m */ = {isa = PBXFileReference; lastKnownFileType = sourcecode.c.objc; path = AppDelegate.m; sourceTree = "<group>"; };
		510190791DC3F03400BF21AA /* ViewController.h */ = {isa = PBXFileReference; lastKnownFileType = sourcecode.c.h; path = ViewController.h; sourceTree = "<group>"; };
		5101907A1DC3F03400BF21AA /* ViewController.m */ = {isa = PBXFileReference; lastKnownFileType = sourcecode.c.objc; path = ViewController.m; sourceTree = "<group>"; };
		5101907D1DC3F03400BF21AA /* Base */ = {isa = PBXFileReference; lastKnownFileType = file.storyboard; name = Base; path = Base.lproj/Main.storyboard; sourceTree = "<group>"; };
		5101907F1DC3F03400BF21AA /* Assets.xcassets */ = {isa = PBXFileReference; lastKnownFileType = folder.assetcatalog; path = Assets.xcassets; sourceTree = "<group>"; };
		510190821DC3F03400BF21AA /* Base */ = {isa = PBXFileReference; lastKnownFileType = file.storyboard; name = Base; path = Base.lproj/LaunchScreen.storyboard; sourceTree = "<group>"; };
		510190841DC3F03400BF21AA /* Info.plist */ = {isa = PBXFileReference; lastKnownFileType = text.plist.xml; path = Info.plist; sourceTree = "<group>"; };
		510190891DC3F03400BF21AA /* OldPushNotificationsObjCTests.xctest */ = {isa = PBXFileReference; explicitFileType = wrapper.cfbundle; includeInIndex = 0; path = OldPushNotificationsObjCTests.xctest; sourceTree = BUILT_PRODUCTS_DIR; };
		5101908D1DC3F03400BF21AA /* OldPushNotificationsObjCTests.m */ = {isa = PBXFileReference; lastKnownFileType = sourcecode.c.objc; path = OldPushNotificationsObjCTests.m; sourceTree = "<group>"; };
		5101908F1DC3F03400BF21AA /* Info.plist */ = {isa = PBXFileReference; lastKnownFileType = text.plist.xml; path = Info.plist; sourceTree = "<group>"; };
		510190941DC3F03400BF21AA /* OldPushNotificationsObjCUITests.xctest */ = {isa = PBXFileReference; explicitFileType = wrapper.cfbundle; includeInIndex = 0; path = OldPushNotificationsObjCUITests.xctest; sourceTree = BUILT_PRODUCTS_DIR; };
		510190981DC3F03400BF21AA /* OldPushNotificationsObjCUITests.m */ = {isa = PBXFileReference; lastKnownFileType = sourcecode.c.objc; path = OldPushNotificationsObjCUITests.m; sourceTree = "<group>"; };
		5101909A1DC3F03400BF21AA /* Info.plist */ = {isa = PBXFileReference; lastKnownFileType = text.plist.xml; path = Info.plist; sourceTree = "<group>"; };
		510190A71DC3F1FB00BF21AA /* OldPushNotificationsObjC.entitlements */ = {isa = PBXFileReference; lastKnownFileType = text.plist.entitlements; path = OldPushNotificationsObjC.entitlements; sourceTree = "<group>"; };
		EBA0AAEDAF916C312D12921E /* Pods-OldPushNotificationsObjC.debug.xcconfig */ = {isa = PBXFileReference; includeInIndex = 1; lastKnownFileType = text.xcconfig; name = "Pods-OldPushNotificationsObjC.debug.xcconfig"; path = "../../Pods/Target Support Files/Pods-OldPushNotificationsObjC/Pods-OldPushNotificationsObjC.debug.xcconfig"; sourceTree = "<group>"; };
/* End PBXFileReference section */

/* Begin PBXFrameworksBuildPhase section */
		5101906D1DC3F03300BF21AA /* Frameworks */ = {
			isa = PBXFrameworksBuildPhase;
			buildActionMask = 2147483647;
			files = (
				7A0E122605F169D7E23F6CDC /* Pods_OldPushNotificationsObjC.framework in Frameworks */,
			);
			runOnlyForDeploymentPostprocessing = 0;
		};
		510190861DC3F03400BF21AA /* Frameworks */ = {
			isa = PBXFrameworksBuildPhase;
			buildActionMask = 2147483647;
			files = (
			);
			runOnlyForDeploymentPostprocessing = 0;
		};
		510190911DC3F03400BF21AA /* Frameworks */ = {
			isa = PBXFrameworksBuildPhase;
			buildActionMask = 2147483647;
			files = (
			);
			runOnlyForDeploymentPostprocessing = 0;
		};
/* End PBXFrameworksBuildPhase section */

/* Begin PBXGroup section */
		2FF799EBCB48D541B3E46B17 /* Frameworks */ = {
			isa = PBXGroup;
			children = (
				1161D8D872FAF3EF970234F8 /* Pods_OldPushNotificationsObjC.framework */,
			);
			name = Frameworks;
			sourceTree = "<group>";
		};
		510190671DC3F03300BF21AA = {
			isa = PBXGroup;
			children = (
				510190721DC3F03400BF21AA /* OldPushNotificationsObjC */,
				5101908C1DC3F03400BF21AA /* OldPushNotificationsObjCTests */,
				510190971DC3F03400BF21AA /* OldPushNotificationsObjCUITests */,
				510190711DC3F03300BF21AA /* Products */,
				7097CF4DE2AFD20391073243 /* Pods */,
				2FF799EBCB48D541B3E46B17 /* Frameworks */,
			);
			sourceTree = "<group>";
		};
		510190711DC3F03300BF21AA /* Products */ = {
			isa = PBXGroup;
			children = (
				510190701DC3F03300BF21AA /* OldPushNotificationsObjC.app */,
				510190891DC3F03400BF21AA /* OldPushNotificationsObjCTests.xctest */,
				510190941DC3F03400BF21AA /* OldPushNotificationsObjCUITests.xctest */,
			);
			name = Products;
			sourceTree = "<group>";
		};
		510190721DC3F03400BF21AA /* OldPushNotificationsObjC */ = {
			isa = PBXGroup;
			children = (
				510190A71DC3F1FB00BF21AA /* OldPushNotificationsObjC.entitlements */,
				510190761DC3F03400BF21AA /* AppDelegate.h */,
				510190771DC3F03400BF21AA /* AppDelegate.m */,
				510190791DC3F03400BF21AA /* ViewController.h */,
				5101907A1DC3F03400BF21AA /* ViewController.m */,
				5101907C1DC3F03400BF21AA /* Main.storyboard */,
				5101907F1DC3F03400BF21AA /* Assets.xcassets */,
				510190811DC3F03400BF21AA /* LaunchScreen.storyboard */,
				510190841DC3F03400BF21AA /* Info.plist */,
				510190731DC3F03400BF21AA /* Supporting Files */,
			);
			path = OldPushNotificationsObjC;
			sourceTree = "<group>";
		};
		510190731DC3F03400BF21AA /* Supporting Files */ = {
			isa = PBXGroup;
			children = (
				510190741DC3F03400BF21AA /* main.m */,
			);
			name = "Supporting Files";
			sourceTree = "<group>";
		};
		5101908C1DC3F03400BF21AA /* OldPushNotificationsObjCTests */ = {
			isa = PBXGroup;
			children = (
				5101908D1DC3F03400BF21AA /* OldPushNotificationsObjCTests.m */,
				5101908F1DC3F03400BF21AA /* Info.plist */,
			);
			path = OldPushNotificationsObjCTests;
			sourceTree = "<group>";
		};
		510190971DC3F03400BF21AA /* OldPushNotificationsObjCUITests */ = {
			isa = PBXGroup;
			children = (
				510190981DC3F03400BF21AA /* OldPushNotificationsObjCUITests.m */,
				5101909A1DC3F03400BF21AA /* Info.plist */,
			);
			path = OldPushNotificationsObjCUITests;
			sourceTree = "<group>";
		};
		7097CF4DE2AFD20391073243 /* Pods */ = {
			isa = PBXGroup;
			children = (
				EBA0AAEDAF916C312D12921E /* Pods-OldPushNotificationsObjC.debug.xcconfig */,
				0D7796D9D8D3222C7267D842 /* Pods-OldPushNotificationsObjC.release.xcconfig */,
			);
			name = Pods;
			sourceTree = "<group>";
		};
/* End PBXGroup section */

/* Begin PBXNativeTarget section */
		5101906F1DC3F03300BF21AA /* OldPushNotificationsObjC */ = {
			isa = PBXNativeTarget;
			buildConfigurationList = 5101909D1DC3F03400BF21AA /* Build configuration list for PBXNativeTarget "OldPushNotificationsObjC" */;
			buildPhases = (
				E51412401396E7D3921E3FA0 /* [CP] Check Pods Manifest.lock */,
				5101906C1DC3F03300BF21AA /* Sources */,
				5101906D1DC3F03300BF21AA /* Frameworks */,
				5101906E1DC3F03300BF21AA /* Resources */,
				741908DC1F23C1291D2AE1E2 /* [CP] Embed Pods Frameworks */,
				1110EE8EACCCC3B5D01AC5B0 /* [CP] Copy Pods Resources */,
			);
			buildRules = (
			);
			dependencies = (
			);
			name = OldPushNotificationsObjC;
			productName = OldPushNotificationsObjC;
			productReference = 510190701DC3F03300BF21AA /* OldPushNotificationsObjC.app */;
			productType = "com.apple.product-type.application";
		};
		510190881DC3F03400BF21AA /* OldPushNotificationsObjCTests */ = {
			isa = PBXNativeTarget;
			buildConfigurationList = 510190A01DC3F03400BF21AA /* Build configuration list for PBXNativeTarget "OldPushNotificationsObjCTests" */;
			buildPhases = (
				510190851DC3F03400BF21AA /* Sources */,
				510190861DC3F03400BF21AA /* Frameworks */,
				510190871DC3F03400BF21AA /* Resources */,
			);
			buildRules = (
			);
			dependencies = (
				5101908B1DC3F03400BF21AA /* PBXTargetDependency */,
			);
			name = OldPushNotificationsObjCTests;
			productName = OldPushNotificationsObjCTests;
			productReference = 510190891DC3F03400BF21AA /* OldPushNotificationsObjCTests.xctest */;
			productType = "com.apple.product-type.bundle.unit-test";
		};
		510190931DC3F03400BF21AA /* OldPushNotificationsObjCUITests */ = {
			isa = PBXNativeTarget;
			buildConfigurationList = 510190A31DC3F03400BF21AA /* Build configuration list for PBXNativeTarget "OldPushNotificationsObjCUITests" */;
			buildPhases = (
				510190901DC3F03400BF21AA /* Sources */,
				510190911DC3F03400BF21AA /* Frameworks */,
				510190921DC3F03400BF21AA /* Resources */,
			);
			buildRules = (
			);
			dependencies = (
				510190961DC3F03400BF21AA /* PBXTargetDependency */,
			);
			name = OldPushNotificationsObjCUITests;
			productName = OldPushNotificationsObjCUITests;
			productReference = 510190941DC3F03400BF21AA /* OldPushNotificationsObjCUITests.xctest */;
			productType = "com.apple.product-type.bundle.ui-testing";
		};
/* End PBXNativeTarget section */

/* Begin PBXProject section */
		510190681DC3F03300BF21AA /* Project object */ = {
			isa = PBXProject;
			attributes = {
				LastUpgradeCheck = 0810;
				ORGANIZATIONNAME = PubNub;
				TargetAttributes = {
					5101906F1DC3F03300BF21AA = {
						CreatedOnToolsVersion = 8.1;
						DevelopmentTeam = 8XP4D6N55Z;
						ProvisioningStyle = Automatic;
						SystemCapabilities = {
							com.apple.Push = {
								enabled = 1;
							};
						};
					};
					510190881DC3F03400BF21AA = {
						CreatedOnToolsVersion = 8.1;
						DevelopmentTeam = 8XP4D6N55Z;
						ProvisioningStyle = Automatic;
						TestTargetID = 5101906F1DC3F03300BF21AA;
					};
					510190931DC3F03400BF21AA = {
						CreatedOnToolsVersion = 8.1;
						DevelopmentTeam = 8XP4D6N55Z;
						ProvisioningStyle = Automatic;
						TestTargetID = 5101906F1DC3F03300BF21AA;
					};
				};
			};
			buildConfigurationList = 5101906B1DC3F03300BF21AA /* Build configuration list for PBXProject "OldPushNotificationsObjC" */;
			compatibilityVersion = "Xcode 3.2";
			developmentRegion = English;
			hasScannedForEncodings = 0;
			knownRegions = (
				en,
				Base,
			);
			mainGroup = 510190671DC3F03300BF21AA;
			productRefGroup = 510190711DC3F03300BF21AA /* Products */;
			projectDirPath = "";
			projectRoot = "";
			targets = (
				5101906F1DC3F03300BF21AA /* OldPushNotificationsObjC */,
				510190881DC3F03400BF21AA /* OldPushNotificationsObjCTests */,
				510190931DC3F03400BF21AA /* OldPushNotificationsObjCUITests */,
			);
		};
/* End PBXProject section */

/* Begin PBXResourcesBuildPhase section */
		5101906E1DC3F03300BF21AA /* Resources */ = {
			isa = PBXResourcesBuildPhase;
			buildActionMask = 2147483647;
			files = (
				510190831DC3F03400BF21AA /* LaunchScreen.storyboard in Resources */,
				510190801DC3F03400BF21AA /* Assets.xcassets in Resources */,
				5101907E1DC3F03400BF21AA /* Main.storyboard in Resources */,
			);
			runOnlyForDeploymentPostprocessing = 0;
		};
		510190871DC3F03400BF21AA /* Resources */ = {
			isa = PBXResourcesBuildPhase;
			buildActionMask = 2147483647;
			files = (
			);
			runOnlyForDeploymentPostprocessing = 0;
		};
		510190921DC3F03400BF21AA /* Resources */ = {
			isa = PBXResourcesBuildPhase;
			buildActionMask = 2147483647;
			files = (
			);
			runOnlyForDeploymentPostprocessing = 0;
		};
/* End PBXResourcesBuildPhase section */

/* Begin PBXShellScriptBuildPhase section */
		1110EE8EACCCC3B5D01AC5B0 /* [CP] Copy Pods Resources */ = {
			isa = PBXShellScriptBuildPhase;
			buildActionMask = 2147483647;
			files = (
			);
			inputPaths = (
			);
			name = "[CP] Copy Pods Resources";
			outputPaths = (
			);
			runOnlyForDeploymentPostprocessing = 0;
			shellPath = /bin/sh;
			shellScript = "\"${SRCROOT}/../../Pods/Target Support Files/Pods-OldPushNotificationsObjC/Pods-OldPushNotificationsObjC-resources.sh\"\n";
			showEnvVarsInLog = 0;
		};
		741908DC1F23C1291D2AE1E2 /* [CP] Embed Pods Frameworks */ = {
			isa = PBXShellScriptBuildPhase;
			buildActionMask = 2147483647;
			files = (
			);
			inputPaths = (
			);
			name = "[CP] Embed Pods Frameworks";
			outputPaths = (
			);
			runOnlyForDeploymentPostprocessing = 0;
			shellPath = /bin/sh;
			shellScript = "\"${SRCROOT}/../../Pods/Target Support Files/Pods-OldPushNotificationsObjC/Pods-OldPushNotificationsObjC-frameworks.sh\"\n";
			showEnvVarsInLog = 0;
		};
		E51412401396E7D3921E3FA0 /* [CP] Check Pods Manifest.lock */ = {
			isa = PBXShellScriptBuildPhase;
			buildActionMask = 2147483647;
			files = (
			);
			inputPaths = (
			);
			name = "[CP] Check Pods Manifest.lock";
			outputPaths = (
			);
			runOnlyForDeploymentPostprocessing = 0;
			shellPath = /bin/sh;
			shellScript = "diff \"${PODS_ROOT}/../Podfile.lock\" \"${PODS_ROOT}/Manifest.lock\" > /dev/null\nif [ $? != 0 ] ; then\n    # print error to STDERR\n    echo \"error: The sandbox is not in sync with the Podfile.lock. Run 'pod install' or update your CocoaPods installation.\" >&2\n    exit 1\nfi\n";
			showEnvVarsInLog = 0;
		};
/* End PBXShellScriptBuildPhase section */

/* Begin PBXSourcesBuildPhase section */
		5101906C1DC3F03300BF21AA /* Sources */ = {
			isa = PBXSourcesBuildPhase;
			buildActionMask = 2147483647;
			files = (
				5101907B1DC3F03400BF21AA /* ViewController.m in Sources */,
				510190781DC3F03400BF21AA /* AppDelegate.m in Sources */,
				510190751DC3F03400BF21AA /* main.m in Sources */,
			);
			runOnlyForDeploymentPostprocessing = 0;
		};
		510190851DC3F03400BF21AA /* Sources */ = {
			isa = PBXSourcesBuildPhase;
			buildActionMask = 2147483647;
			files = (
				5101908E1DC3F03400BF21AA /* OldPushNotificationsObjCTests.m in Sources */,
			);
			runOnlyForDeploymentPostprocessing = 0;
		};
		510190901DC3F03400BF21AA /* Sources */ = {
			isa = PBXSourcesBuildPhase;
			buildActionMask = 2147483647;
			files = (
				510190991DC3F03400BF21AA /* OldPushNotificationsObjCUITests.m in Sources */,
			);
			runOnlyForDeploymentPostprocessing = 0;
		};
/* End PBXSourcesBuildPhase section */

/* Begin PBXTargetDependency section */
		5101908B1DC3F03400BF21AA /* PBXTargetDependency */ = {
			isa = PBXTargetDependency;
			target = 5101906F1DC3F03300BF21AA /* OldPushNotificationsObjC */;
			targetProxy = 5101908A1DC3F03400BF21AA /* PBXContainerItemProxy */;
		};
		510190961DC3F03400BF21AA /* PBXTargetDependency */ = {
			isa = PBXTargetDependency;
			target = 5101906F1DC3F03300BF21AA /* OldPushNotificationsObjC */;
			targetProxy = 510190951DC3F03400BF21AA /* PBXContainerItemProxy */;
		};
/* End PBXTargetDependency section */

/* Begin PBXVariantGroup section */
		5101907C1DC3F03400BF21AA /* Main.storyboard */ = {
			isa = PBXVariantGroup;
			children = (
				5101907D1DC3F03400BF21AA /* Base */,
			);
			name = Main.storyboard;
			sourceTree = "<group>";
		};
		510190811DC3F03400BF21AA /* LaunchScreen.storyboard */ = {
			isa = PBXVariantGroup;
			children = (
				510190821DC3F03400BF21AA /* Base */,
			);
			name = LaunchScreen.storyboard;
			sourceTree = "<group>";
		};
/* End PBXVariantGroup section */

/* Begin XCBuildConfiguration section */
		5101909B1DC3F03400BF21AA /* Debug */ = {
			isa = XCBuildConfiguration;
			buildSettings = {
				ALWAYS_SEARCH_USER_PATHS = NO;
				CLANG_ANALYZER_NONNULL = YES;
				CLANG_CXX_LANGUAGE_STANDARD = "gnu++0x";
				CLANG_CXX_LIBRARY = "libc++";
				CLANG_ENABLE_MODULES = YES;
				CLANG_ENABLE_OBJC_ARC = YES;
				CLANG_WARN_BOOL_CONVERSION = YES;
				CLANG_WARN_CONSTANT_CONVERSION = YES;
				CLANG_WARN_DIRECT_OBJC_ISA_USAGE = YES_ERROR;
				CLANG_WARN_DOCUMENTATION_COMMENTS = YES;
				CLANG_WARN_EMPTY_BODY = YES;
				CLANG_WARN_ENUM_CONVERSION = YES;
				CLANG_WARN_INFINITE_RECURSION = YES;
				CLANG_WARN_INT_CONVERSION = YES;
				CLANG_WARN_OBJC_ROOT_CLASS = YES_ERROR;
				CLANG_WARN_SUSPICIOUS_MOVES = YES;
				CLANG_WARN_UNREACHABLE_CODE = YES;
				CLANG_WARN__DUPLICATE_METHOD_MATCH = YES;
				"CODE_SIGN_IDENTITY[sdk=iphoneos*]" = "iPhone Developer";
				COPY_PHASE_STRIP = NO;
				DEBUG_INFORMATION_FORMAT = dwarf;
				ENABLE_STRICT_OBJC_MSGSEND = YES;
				ENABLE_TESTABILITY = YES;
				GCC_C_LANGUAGE_STANDARD = gnu99;
				GCC_DYNAMIC_NO_PIC = NO;
				GCC_NO_COMMON_BLOCKS = YES;
				GCC_OPTIMIZATION_LEVEL = 0;
				GCC_PREPROCESSOR_DEFINITIONS = (
					"DEBUG=1",
					"$(inherited)",
				);
				GCC_WARN_64_TO_32_BIT_CONVERSION = YES;
				GCC_WARN_ABOUT_RETURN_TYPE = YES_ERROR;
				GCC_WARN_UNDECLARED_SELECTOR = YES;
				GCC_WARN_UNINITIALIZED_AUTOS = YES_AGGRESSIVE;
				GCC_WARN_UNUSED_FUNCTION = YES;
				GCC_WARN_UNUSED_VARIABLE = YES;
				IPHONEOS_DEPLOYMENT_TARGET = 8.0;
				MTL_ENABLE_DEBUG_INFO = YES;
				ONLY_ACTIVE_ARCH = YES;
				SDKROOT = iphoneos;
				TARGETED_DEVICE_FAMILY = "1,2";
			};
			name = Debug;
		};
		5101909C1DC3F03400BF21AA /* Release */ = {
			isa = XCBuildConfiguration;
			buildSettings = {
				ALWAYS_SEARCH_USER_PATHS = NO;
				CLANG_ANALYZER_NONNULL = YES;
				CLANG_CXX_LANGUAGE_STANDARD = "gnu++0x";
				CLANG_CXX_LIBRARY = "libc++";
				CLANG_ENABLE_MODULES = YES;
				CLANG_ENABLE_OBJC_ARC = YES;
				CLANG_WARN_BOOL_CONVERSION = YES;
				CLANG_WARN_CONSTANT_CONVERSION = YES;
				CLANG_WARN_DIRECT_OBJC_ISA_USAGE = YES_ERROR;
				CLANG_WARN_DOCUMENTATION_COMMENTS = YES;
				CLANG_WARN_EMPTY_BODY = YES;
				CLANG_WARN_ENUM_CONVERSION = YES;
				CLANG_WARN_INFINITE_RECURSION = YES;
				CLANG_WARN_INT_CONVERSION = YES;
				CLANG_WARN_OBJC_ROOT_CLASS = YES_ERROR;
				CLANG_WARN_SUSPICIOUS_MOVES = YES;
				CLANG_WARN_UNREACHABLE_CODE = YES;
				CLANG_WARN__DUPLICATE_METHOD_MATCH = YES;
				"CODE_SIGN_IDENTITY[sdk=iphoneos*]" = "iPhone Developer";
				COPY_PHASE_STRIP = NO;
				DEBUG_INFORMATION_FORMAT = "dwarf-with-dsym";
				ENABLE_NS_ASSERTIONS = NO;
				ENABLE_STRICT_OBJC_MSGSEND = YES;
				GCC_C_LANGUAGE_STANDARD = gnu99;
				GCC_NO_COMMON_BLOCKS = YES;
				GCC_WARN_64_TO_32_BIT_CONVERSION = YES;
				GCC_WARN_ABOUT_RETURN_TYPE = YES_ERROR;
				GCC_WARN_UNDECLARED_SELECTOR = YES;
				GCC_WARN_UNINITIALIZED_AUTOS = YES_AGGRESSIVE;
				GCC_WARN_UNUSED_FUNCTION = YES;
				GCC_WARN_UNUSED_VARIABLE = YES;
				IPHONEOS_DEPLOYMENT_TARGET = 8.0;
				MTL_ENABLE_DEBUG_INFO = NO;
				SDKROOT = iphoneos;
				TARGETED_DEVICE_FAMILY = "1,2";
				VALIDATE_PRODUCT = YES;
			};
			name = Release;
		};
		5101909E1DC3F03400BF21AA /* Debug */ = {
			isa = XCBuildConfiguration;
			baseConfigurationReference = EBA0AAEDAF916C312D12921E /* Pods-OldPushNotificationsObjC.debug.xcconfig */;
			buildSettings = {
				ASSETCATALOG_COMPILER_APPICON_NAME = AppIcon;
				CODE_SIGN_ENTITLEMENTS = OldPushNotificationsObjC/OldPushNotificationsObjC.entitlements;
				DEVELOPMENT_TEAM = 8XP4D6N55Z;
				INFOPLIST_FILE = OldPushNotificationsObjC/Info.plist;
				IPHONEOS_DEPLOYMENT_TARGET = 8.0;
				LD_RUNPATH_SEARCH_PATHS = "$(inherited) @executable_path/Frameworks";
				PRODUCT_BUNDLE_IDENTIFIER = com.PubNub.OldPushNotificationsObjC;
				PRODUCT_NAME = "$(TARGET_NAME)";
			};
			name = Debug;
		};
		5101909F1DC3F03400BF21AA /* Release */ = {
			isa = XCBuildConfiguration;
			baseConfigurationReference = 0D7796D9D8D3222C7267D842 /* Pods-OldPushNotificationsObjC.release.xcconfig */;
			buildSettings = {
				ASSETCATALOG_COMPILER_APPICON_NAME = AppIcon;
				CODE_SIGN_ENTITLEMENTS = OldPushNotificationsObjC/OldPushNotificationsObjC.entitlements;
				DEVELOPMENT_TEAM = 8XP4D6N55Z;
				INFOPLIST_FILE = OldPushNotificationsObjC/Info.plist;
				IPHONEOS_DEPLOYMENT_TARGET = 8.0;
				LD_RUNPATH_SEARCH_PATHS = "$(inherited) @executable_path/Frameworks";
				PRODUCT_BUNDLE_IDENTIFIER = com.PubNub.OldPushNotificationsObjC;
				PRODUCT_NAME = "$(TARGET_NAME)";
			};
			name = Release;
		};
		510190A11DC3F03400BF21AA /* Debug */ = {
			isa = XCBuildConfiguration;
			buildSettings = {
				BUNDLE_LOADER = "$(TEST_HOST)";
				DEVELOPMENT_TEAM = 8XP4D6N55Z;
				INFOPLIST_FILE = OldPushNotificationsObjCTests/Info.plist;
				LD_RUNPATH_SEARCH_PATHS = "$(inherited) @executable_path/Frameworks @loader_path/Frameworks";
				PRODUCT_BUNDLE_IDENTIFIER = com.PubNub.OldPushNotificationsObjCTests;
				PRODUCT_NAME = "$(TARGET_NAME)";
				TEST_HOST = "$(BUILT_PRODUCTS_DIR)/OldPushNotificationsObjC.app/OldPushNotificationsObjC";
			};
			name = Debug;
		};
		510190A21DC3F03400BF21AA /* Release */ = {
			isa = XCBuildConfiguration;
			buildSettings = {
				BUNDLE_LOADER = "$(TEST_HOST)";
				DEVELOPMENT_TEAM = 8XP4D6N55Z;
				INFOPLIST_FILE = OldPushNotificationsObjCTests/Info.plist;
				LD_RUNPATH_SEARCH_PATHS = "$(inherited) @executable_path/Frameworks @loader_path/Frameworks";
				PRODUCT_BUNDLE_IDENTIFIER = com.PubNub.OldPushNotificationsObjCTests;
				PRODUCT_NAME = "$(TARGET_NAME)";
				TEST_HOST = "$(BUILT_PRODUCTS_DIR)/OldPushNotificationsObjC.app/OldPushNotificationsObjC";
			};
			name = Release;
		};
		510190A41DC3F03400BF21AA /* Debug */ = {
			isa = XCBuildConfiguration;
			buildSettings = {
				DEVELOPMENT_TEAM = 8XP4D6N55Z;
				INFOPLIST_FILE = OldPushNotificationsObjCUITests/Info.plist;
				LD_RUNPATH_SEARCH_PATHS = "$(inherited) @executable_path/Frameworks @loader_path/Frameworks";
				PRODUCT_BUNDLE_IDENTIFIER = com.PubNub.OldPushNotificationsObjCUITests;
				PRODUCT_NAME = "$(TARGET_NAME)";
				TEST_TARGET_NAME = OldPushNotificationsObjC;
			};
			name = Debug;
		};
		510190A51DC3F03400BF21AA /* Release */ = {
			isa = XCBuildConfiguration;
			buildSettings = {
				DEVELOPMENT_TEAM = 8XP4D6N55Z;
				INFOPLIST_FILE = OldPushNotificationsObjCUITests/Info.plist;
				LD_RUNPATH_SEARCH_PATHS = "$(inherited) @executable_path/Frameworks @loader_path/Frameworks";
				PRODUCT_BUNDLE_IDENTIFIER = com.PubNub.OldPushNotificationsObjCUITests;
				PRODUCT_NAME = "$(TARGET_NAME)";
				TEST_TARGET_NAME = OldPushNotificationsObjC;
			};
			name = Release;
		};
/* End XCBuildConfiguration section */

/* Begin XCConfigurationList section */
		5101906B1DC3F03300BF21AA /* Build configuration list for PBXProject "OldPushNotificationsObjC" */ = {
			isa = XCConfigurationList;
			buildConfigurations = (
				5101909B1DC3F03400BF21AA /* Debug */,
				5101909C1DC3F03400BF21AA /* Release */,
			);
			defaultConfigurationIsVisible = 0;
			defaultConfigurationName = Release;
		};
		5101909D1DC3F03400BF21AA /* Build configuration list for PBXNativeTarget "OldPushNotificationsObjC" */ = {
			isa = XCConfigurationList;
			buildConfigurations = (
				5101909E1DC3F03400BF21AA /* Debug */,
				5101909F1DC3F03400BF21AA /* Release */,
			);
			defaultConfigurationIsVisible = 0;
			defaultConfigurationName = Release;
		};
		510190A01DC3F03400BF21AA /* Build configuration list for PBXNativeTarget "OldPushNotificationsObjCTests" */ = {
			isa = XCConfigurationList;
			buildConfigurations = (
				510190A11DC3F03400BF21AA /* Debug */,
				510190A21DC3F03400BF21AA /* Release */,
			);
			defaultConfigurationIsVisible = 0;
			defaultConfigurationName = Release;
		};
		510190A31DC3F03400BF21AA /* Build configuration list for PBXNativeTarget "OldPushNotificationsObjCUITests" */ = {
			isa = XCConfigurationList;
			buildConfigurations = (
				510190A41DC3F03400BF21AA /* Debug */,
				510190A51DC3F03400BF21AA /* Release */,
			);
			defaultConfigurationIsVisible = 0;
			defaultConfigurationName = Release;
		};
/* End XCConfigurationList section */
	};
	rootObject = 510190681DC3F03300BF21AA /* Project object */;
}
