// !$*UTF8*$!
{
	archiveVersion = 1;
	classes = {
	};
	objectVersion = 46;
	objects = {

/* Begin PBXBuildFile section */
		510191291DC416C000BF21AA /* AppDelegate.swift in Sources */ = {isa = PBXBuildFile; fileRef = 510191281DC416C000BF21AA /* AppDelegate.swift */; };
		5101912B1DC416C000BF21AA /* ViewController.swift in Sources */ = {isa = PBXBuildFile; fileRef = 5101912A1DC416C000BF21AA /* ViewController.swift */; };
		5101912E1DC416C000BF21AA /* Main.storyboard in Resources */ = {isa = PBXBuildFile; fileRef = 5101912C1DC416C000BF21AA /* Main.storyboard */; };
		510191301DC416C000BF21AA /* Assets.xcassets in Resources */ = {isa = PBXBuildFile; fileRef = 5101912F1DC416C000BF21AA /* Assets.xcassets */; };
		510191331DC416C000BF21AA /* LaunchScreen.storyboard in Resources */ = {isa = PBXBuildFile; fileRef = 510191311DC416C000BF21AA /* LaunchScreen.storyboard */; };
		5101913E1DC416C000BF21AA /* PushNotificationsSwiftTests.swift in Sources */ = {isa = PBXBuildFile; fileRef = 5101913D1DC416C000BF21AA /* PushNotificationsSwiftTests.swift */; };
		510191491DC416C000BF21AA /* PushNotificationsSwiftUITests.swift in Sources */ = {isa = PBXBuildFile; fileRef = 510191481DC416C000BF21AA /* PushNotificationsSwiftUITests.swift */; };
		C1B7CE56A1DB136C809160CB /* Pods_PushNotificationsSwift.framework in Frameworks */ = {isa = PBXBuildFile; fileRef = B2E0FC63ED72C0F28CFD5190 /* Pods_PushNotificationsSwift.framework */; };
/* End PBXBuildFile section */

/* Begin PBXContainerItemProxy section */
		5101913A1DC416C000BF21AA /* PBXContainerItemProxy */ = {
			isa = PBXContainerItemProxy;
			containerPortal = 5101911D1DC416C000BF21AA /* Project object */;
			proxyType = 1;
			remoteGlobalIDString = 510191241DC416C000BF21AA;
			remoteInfo = PushNotificationsSwift;
		};
		510191451DC416C000BF21AA /* PBXContainerItemProxy */ = {
			isa = PBXContainerItemProxy;
			containerPortal = 5101911D1DC416C000BF21AA /* Project object */;
			proxyType = 1;
			remoteGlobalIDString = 510191241DC416C000BF21AA;
			remoteInfo = PushNotificationsSwift;
		};
/* End PBXContainerItemProxy section */

/* Begin PBXFileReference section */
		2C5276D8EFAB1D03FB778913 /* Pods-PushNotificationsSwift.debug.xcconfig */ = {isa = PBXFileReference; includeInIndex = 1; lastKnownFileType = text.xcconfig; name = "Pods-PushNotificationsSwift.debug.xcconfig"; path = "../../Pods/Target Support Files/Pods-PushNotificationsSwift/Pods-PushNotificationsSwift.debug.xcconfig"; sourceTree = "<group>"; };
		510191251DC416C000BF21AA /* PushNotificationsSwift.app */ = {isa = PBXFileReference; explicitFileType = wrapper.application; includeInIndex = 0; path = PushNotificationsSwift.app; sourceTree = BUILT_PRODUCTS_DIR; };
		510191281DC416C000BF21AA /* AppDelegate.swift */ = {isa = PBXFileReference; lastKnownFileType = sourcecode.swift; path = AppDelegate.swift; sourceTree = "<group>"; };
		5101912A1DC416C000BF21AA /* ViewController.swift */ = {isa = PBXFileReference; lastKnownFileType = sourcecode.swift; path = ViewController.swift; sourceTree = "<group>"; };
		5101912D1DC416C000BF21AA /* Base */ = {isa = PBXFileReference; lastKnownFileType = file.storyboard; name = Base; path = Base.lproj/Main.storyboard; sourceTree = "<group>"; };
		5101912F1DC416C000BF21AA /* Assets.xcassets */ = {isa = PBXFileReference; lastKnownFileType = folder.assetcatalog; path = Assets.xcassets; sourceTree = "<group>"; };
		510191321DC416C000BF21AA /* Base */ = {isa = PBXFileReference; lastKnownFileType = file.storyboard; name = Base; path = Base.lproj/LaunchScreen.storyboard; sourceTree = "<group>"; };
		510191341DC416C000BF21AA /* Info.plist */ = {isa = PBXFileReference; lastKnownFileType = text.plist.xml; path = Info.plist; sourceTree = "<group>"; };
		510191391DC416C000BF21AA /* PushNotificationsSwiftTests.xctest */ = {isa = PBXFileReference; explicitFileType = wrapper.cfbundle; includeInIndex = 0; path = PushNotificationsSwiftTests.xctest; sourceTree = BUILT_PRODUCTS_DIR; };
		5101913D1DC416C000BF21AA /* PushNotificationsSwiftTests.swift */ = {isa = PBXFileReference; lastKnownFileType = sourcecode.swift; path = PushNotificationsSwiftTests.swift; sourceTree = "<group>"; };
		5101913F1DC416C000BF21AA /* Info.plist */ = {isa = PBXFileReference; lastKnownFileType = text.plist.xml; path = Info.plist; sourceTree = "<group>"; };
		510191441DC416C000BF21AA /* PushNotificationsSwiftUITests.xctest */ = {isa = PBXFileReference; explicitFileType = wrapper.cfbundle; includeInIndex = 0; path = PushNotificationsSwiftUITests.xctest; sourceTree = BUILT_PRODUCTS_DIR; };
		510191481DC416C000BF21AA /* PushNotificationsSwiftUITests.swift */ = {isa = PBXFileReference; lastKnownFileType = sourcecode.swift; path = PushNotificationsSwiftUITests.swift; sourceTree = "<group>"; };
		5101914A1DC416C000BF21AA /* Info.plist */ = {isa = PBXFileReference; lastKnownFileType = text.plist.xml; path = Info.plist; sourceTree = "<group>"; };
		55BF0027924CFA44D5C94BCB /* Pods-PushNotificationsSwift.release.xcconfig */ = {isa = PBXFileReference; includeInIndex = 1; lastKnownFileType = text.xcconfig; name = "Pods-PushNotificationsSwift.release.xcconfig"; path = "../../Pods/Target Support Files/Pods-PushNotificationsSwift/Pods-PushNotificationsSwift.release.xcconfig"; sourceTree = "<group>"; };
		B2E0FC63ED72C0F28CFD5190 /* Pods_PushNotificationsSwift.framework */ = {isa = PBXFileReference; explicitFileType = wrapper.framework; includeInIndex = 0; path = Pods_PushNotificationsSwift.framework; sourceTree = BUILT_PRODUCTS_DIR; };
/* End PBXFileReference section */

/* Begin PBXFrameworksBuildPhase section */
		510191221DC416C000BF21AA /* Frameworks */ = {
			isa = PBXFrameworksBuildPhase;
			buildActionMask = 2147483647;
			files = (
				C1B7CE56A1DB136C809160CB /* Pods_PushNotificationsSwift.framework in Frameworks */,
			);
			runOnlyForDeploymentPostprocessing = 0;
		};
		510191361DC416C000BF21AA /* Frameworks */ = {
			isa = PBXFrameworksBuildPhase;
			buildActionMask = 2147483647;
			files = (
			);
			runOnlyForDeploymentPostprocessing = 0;
		};
		510191411DC416C000BF21AA /* Frameworks */ = {
			isa = PBXFrameworksBuildPhase;
			buildActionMask = 2147483647;
			files = (
			);
			runOnlyForDeploymentPostprocessing = 0;
		};
/* End PBXFrameworksBuildPhase section */

/* Begin PBXGroup section */
		378C031A7E9F0148D64752B4 /* Frameworks */ = {
			isa = PBXGroup;
			children = (
				B2E0FC63ED72C0F28CFD5190 /* Pods_PushNotificationsSwift.framework */,
			);
			name = Frameworks;
			sourceTree = "<group>";
		};
		5101911C1DC416C000BF21AA = {
			isa = PBXGroup;
			children = (
				510191271DC416C000BF21AA /* PushNotificationsSwift */,
				5101913C1DC416C000BF21AA /* PushNotificationsSwiftTests */,
				510191471DC416C000BF21AA /* PushNotificationsSwiftUITests */,
				510191261DC416C000BF21AA /* Products */,
				7B7061F3101F36C66387F525 /* Pods */,
				378C031A7E9F0148D64752B4 /* Frameworks */,
			);
			sourceTree = "<group>";
		};
		510191261DC416C000BF21AA /* Products */ = {
			isa = PBXGroup;
			children = (
				510191251DC416C000BF21AA /* PushNotificationsSwift.app */,
				510191391DC416C000BF21AA /* PushNotificationsSwiftTests.xctest */,
				510191441DC416C000BF21AA /* PushNotificationsSwiftUITests.xctest */,
			);
			name = Products;
			sourceTree = "<group>";
		};
		510191271DC416C000BF21AA /* PushNotificationsSwift */ = {
			isa = PBXGroup;
			children = (
				510191281DC416C000BF21AA /* AppDelegate.swift */,
				5101912A1DC416C000BF21AA /* ViewController.swift */,
				5101912C1DC416C000BF21AA /* Main.storyboard */,
				5101912F1DC416C000BF21AA /* Assets.xcassets */,
				510191311DC416C000BF21AA /* LaunchScreen.storyboard */,
				510191341DC416C000BF21AA /* Info.plist */,
			);
			path = PushNotificationsSwift;
			sourceTree = "<group>";
		};
		5101913C1DC416C000BF21AA /* PushNotificationsSwiftTests */ = {
			isa = PBXGroup;
			children = (
				5101913D1DC416C000BF21AA /* PushNotificationsSwiftTests.swift */,
				5101913F1DC416C000BF21AA /* Info.plist */,
			);
			path = PushNotificationsSwiftTests;
			sourceTree = "<group>";
		};
		510191471DC416C000BF21AA /* PushNotificationsSwiftUITests */ = {
			isa = PBXGroup;
			children = (
				510191481DC416C000BF21AA /* PushNotificationsSwiftUITests.swift */,
				5101914A1DC416C000BF21AA /* Info.plist */,
			);
			path = PushNotificationsSwiftUITests;
			sourceTree = "<group>";
		};
		7B7061F3101F36C66387F525 /* Pods */ = {
			isa = PBXGroup;
			children = (
				2C5276D8EFAB1D03FB778913 /* Pods-PushNotificationsSwift.debug.xcconfig */,
				55BF0027924CFA44D5C94BCB /* Pods-PushNotificationsSwift.release.xcconfig */,
			);
			name = Pods;
			sourceTree = "<group>";
		};
/* End PBXGroup section */

/* Begin PBXNativeTarget section */
		510191241DC416C000BF21AA /* PushNotificationsSwift */ = {
			isa = PBXNativeTarget;
			buildConfigurationList = 5101914D1DC416C000BF21AA /* Build configuration list for PBXNativeTarget "PushNotificationsSwift" */;
			buildPhases = (
				E5A536E71D2DEA202F1B6AD6 /* [CP] Check Pods Manifest.lock */,
				510191211DC416C000BF21AA /* Sources */,
				510191221DC416C000BF21AA /* Frameworks */,
				510191231DC416C000BF21AA /* Resources */,
				AD9BD1E60B8DC8A0F96A1A89 /* [CP] Embed Pods Frameworks */,
				244B9500D8C54FA9F805A7CF /* [CP] Copy Pods Resources */,
			);
			buildRules = (
			);
			dependencies = (
			);
			name = PushNotificationsSwift;
			productName = PushNotificationsSwift;
			productReference = 510191251DC416C000BF21AA /* PushNotificationsSwift.app */;
			productType = "com.apple.product-type.application";
		};
		510191381DC416C000BF21AA /* PushNotificationsSwiftTests */ = {
			isa = PBXNativeTarget;
			buildConfigurationList = 510191501DC416C000BF21AA /* Build configuration list for PBXNativeTarget "PushNotificationsSwiftTests" */;
			buildPhases = (
				510191351DC416C000BF21AA /* Sources */,
				510191361DC416C000BF21AA /* Frameworks */,
				510191371DC416C000BF21AA /* Resources */,
			);
			buildRules = (
			);
			dependencies = (
				5101913B1DC416C000BF21AA /* PBXTargetDependency */,
			);
			name = PushNotificationsSwiftTests;
			productName = PushNotificationsSwiftTests;
			productReference = 510191391DC416C000BF21AA /* PushNotificationsSwiftTests.xctest */;
			productType = "com.apple.product-type.bundle.unit-test";
		};
		510191431DC416C000BF21AA /* PushNotificationsSwiftUITests */ = {
			isa = PBXNativeTarget;
			buildConfigurationList = 510191531DC416C000BF21AA /* Build configuration list for PBXNativeTarget "PushNotificationsSwiftUITests" */;
			buildPhases = (
				510191401DC416C000BF21AA /* Sources */,
				510191411DC416C000BF21AA /* Frameworks */,
				510191421DC416C000BF21AA /* Resources */,
			);
			buildRules = (
			);
			dependencies = (
				510191461DC416C000BF21AA /* PBXTargetDependency */,
			);
			name = PushNotificationsSwiftUITests;
			productName = PushNotificationsSwiftUITests;
			productReference = 510191441DC416C000BF21AA /* PushNotificationsSwiftUITests.xctest */;
			productType = "com.apple.product-type.bundle.ui-testing";
		};
/* End PBXNativeTarget section */

/* Begin PBXProject section */
		5101911D1DC416C000BF21AA /* Project object */ = {
			isa = PBXProject;
			attributes = {
				LastSwiftUpdateCheck = 0810;
				LastUpgradeCheck = 0810;
				ORGANIZATIONNAME = PubNub;
				TargetAttributes = {
					510191241DC416C000BF21AA = {
						CreatedOnToolsVersion = 8.1;
						DevelopmentTeam = 8XP4D6N55Z;
						ProvisioningStyle = Automatic;
					};
					510191381DC416C000BF21AA = {
						CreatedOnToolsVersion = 8.1;
						DevelopmentTeam = 8XP4D6N55Z;
						ProvisioningStyle = Automatic;
						TestTargetID = 510191241DC416C000BF21AA;
					};
					510191431DC416C000BF21AA = {
						CreatedOnToolsVersion = 8.1;
						DevelopmentTeam = 8XP4D6N55Z;
						ProvisioningStyle = Automatic;
						TestTargetID = 510191241DC416C000BF21AA;
					};
				};
			};
			buildConfigurationList = 510191201DC416C000BF21AA /* Build configuration list for PBXProject "PushNotificationsSwift" */;
			compatibilityVersion = "Xcode 3.2";
			developmentRegion = English;
			hasScannedForEncodings = 0;
			knownRegions = (
				en,
				Base,
			);
			mainGroup = 5101911C1DC416C000BF21AA;
			productRefGroup = 510191261DC416C000BF21AA /* Products */;
			projectDirPath = "";
			projectRoot = "";
			targets = (
				510191241DC416C000BF21AA /* PushNotificationsSwift */,
				510191381DC416C000BF21AA /* PushNotificationsSwiftTests */,
				510191431DC416C000BF21AA /* PushNotificationsSwiftUITests */,
			);
		};
/* End PBXProject section */

/* Begin PBXResourcesBuildPhase section */
		510191231DC416C000BF21AA /* Resources */ = {
			isa = PBXResourcesBuildPhase;
			buildActionMask = 2147483647;
			files = (
				510191331DC416C000BF21AA /* LaunchScreen.storyboard in Resources */,
				510191301DC416C000BF21AA /* Assets.xcassets in Resources */,
				5101912E1DC416C000BF21AA /* Main.storyboard in Resources */,
			);
			runOnlyForDeploymentPostprocessing = 0;
		};
		510191371DC416C000BF21AA /* Resources */ = {
			isa = PBXResourcesBuildPhase;
			buildActionMask = 2147483647;
			files = (
			);
			runOnlyForDeploymentPostprocessing = 0;
		};
		510191421DC416C000BF21AA /* Resources */ = {
			isa = PBXResourcesBuildPhase;
			buildActionMask = 2147483647;
			files = (
			);
			runOnlyForDeploymentPostprocessing = 0;
		};
/* End PBXResourcesBuildPhase section */

/* Begin PBXShellScriptBuildPhase section */
		244B9500D8C54FA9F805A7CF /* [CP] Copy Pods Resources */ = {
			isa = PBXShellScriptBuildPhase;
			buildActionMask = 2147483647;
			files = (
			);
			inputPaths = (
			);
			name = "[CP] Copy Pods Resources";
			outputPaths = (
			);
			runOnlyForDeploymentPostprocessing = 0;
			shellPath = /bin/sh;
			shellScript = "\"${SRCROOT}/../../Pods/Target Support Files/Pods-PushNotificationsSwift/Pods-PushNotificationsSwift-resources.sh\"\n";
			showEnvVarsInLog = 0;
		};
		AD9BD1E60B8DC8A0F96A1A89 /* [CP] Embed Pods Frameworks */ = {
			isa = PBXShellScriptBuildPhase;
			buildActionMask = 2147483647;
			files = (
			);
			inputPaths = (
			);
			name = "[CP] Embed Pods Frameworks";
			outputPaths = (
			);
			runOnlyForDeploymentPostprocessing = 0;
			shellPath = /bin/sh;
			shellScript = "\"${SRCROOT}/../../Pods/Target Support Files/Pods-PushNotificationsSwift/Pods-PushNotificationsSwift-frameworks.sh\"\n";
			showEnvVarsInLog = 0;
		};
		E5A536E71D2DEA202F1B6AD6 /* [CP] Check Pods Manifest.lock */ = {
			isa = PBXShellScriptBuildPhase;
			buildActionMask = 2147483647;
			files = (
			);
			inputPaths = (
			);
			name = "[CP] Check Pods Manifest.lock";
			outputPaths = (
			);
			runOnlyForDeploymentPostprocessing = 0;
			shellPath = /bin/sh;
			shellScript = "diff \"${PODS_ROOT}/../Podfile.lock\" \"${PODS_ROOT}/Manifest.lock\" > /dev/null\nif [ $? != 0 ] ; then\n    # print error to STDERR\n    echo \"error: The sandbox is not in sync with the Podfile.lock. Run 'pod install' or update your CocoaPods installation.\" >&2\n    exit 1\nfi\n";
			showEnvVarsInLog = 0;
		};
/* End PBXShellScriptBuildPhase section */

/* Begin PBXSourcesBuildPhase section */
		510191211DC416C000BF21AA /* Sources */ = {
			isa = PBXSourcesBuildPhase;
			buildActionMask = 2147483647;
			files = (
				5101912B1DC416C000BF21AA /* ViewController.swift in Sources */,
				510191291DC416C000BF21AA /* AppDelegate.swift in Sources */,
			);
			runOnlyForDeploymentPostprocessing = 0;
		};
		510191351DC416C000BF21AA /* Sources */ = {
			isa = PBXSourcesBuildPhase;
			buildActionMask = 2147483647;
			files = (
				5101913E1DC416C000BF21AA /* PushNotificationsSwiftTests.swift in Sources */,
			);
			runOnlyForDeploymentPostprocessing = 0;
		};
		510191401DC416C000BF21AA /* Sources */ = {
			isa = PBXSourcesBuildPhase;
			buildActionMask = 2147483647;
			files = (
				510191491DC416C000BF21AA /* PushNotificationsSwiftUITests.swift in Sources */,
			);
			runOnlyForDeploymentPostprocessing = 0;
		};
/* End PBXSourcesBuildPhase section */

/* Begin PBXTargetDependency section */
		5101913B1DC416C000BF21AA /* PBXTargetDependency */ = {
			isa = PBXTargetDependency;
			target = 510191241DC416C000BF21AA /* PushNotificationsSwift */;
			targetProxy = 5101913A1DC416C000BF21AA /* PBXContainerItemProxy */;
		};
		510191461DC416C000BF21AA /* PBXTargetDependency */ = {
			isa = PBXTargetDependency;
			target = 510191241DC416C000BF21AA /* PushNotificationsSwift */;
			targetProxy = 510191451DC416C000BF21AA /* PBXContainerItemProxy */;
		};
/* End PBXTargetDependency section */

/* Begin PBXVariantGroup section */
		5101912C1DC416C000BF21AA /* Main.storyboard */ = {
			isa = PBXVariantGroup;
			children = (
				5101912D1DC416C000BF21AA /* Base */,
			);
			name = Main.storyboard;
			sourceTree = "<group>";
		};
		510191311DC416C000BF21AA /* LaunchScreen.storyboard */ = {
			isa = PBXVariantGroup;
			children = (
				510191321DC416C000BF21AA /* Base */,
			);
			name = LaunchScreen.storyboard;
			sourceTree = "<group>";
		};
/* End PBXVariantGroup section */

/* Begin XCBuildConfiguration section */
		5101914B1DC416C000BF21AA /* Debug */ = {
			isa = XCBuildConfiguration;
			buildSettings = {
				ALWAYS_SEARCH_USER_PATHS = NO;
				CLANG_ANALYZER_NONNULL = YES;
				CLANG_CXX_LANGUAGE_STANDARD = "gnu++0x";
				CLANG_CXX_LIBRARY = "libc++";
				CLANG_ENABLE_MODULES = YES;
				CLANG_ENABLE_OBJC_ARC = YES;
				CLANG_WARN_BOOL_CONVERSION = YES;
				CLANG_WARN_CONSTANT_CONVERSION = YES;
				CLANG_WARN_DIRECT_OBJC_ISA_USAGE = YES_ERROR;
				CLANG_WARN_DOCUMENTATION_COMMENTS = YES;
				CLANG_WARN_EMPTY_BODY = YES;
				CLANG_WARN_ENUM_CONVERSION = YES;
				CLANG_WARN_INFINITE_RECURSION = YES;
				CLANG_WARN_INT_CONVERSION = YES;
				CLANG_WARN_OBJC_ROOT_CLASS = YES_ERROR;
				CLANG_WARN_SUSPICIOUS_MOVES = YES;
				CLANG_WARN_UNREACHABLE_CODE = YES;
				CLANG_WARN__DUPLICATE_METHOD_MATCH = YES;
				"CODE_SIGN_IDENTITY[sdk=iphoneos*]" = "iPhone Developer";
				COPY_PHASE_STRIP = NO;
				DEBUG_INFORMATION_FORMAT = dwarf;
				ENABLE_STRICT_OBJC_MSGSEND = YES;
				ENABLE_TESTABILITY = YES;
				GCC_C_LANGUAGE_STANDARD = gnu99;
				GCC_DYNAMIC_NO_PIC = NO;
				GCC_NO_COMMON_BLOCKS = YES;
				GCC_OPTIMIZATION_LEVEL = 0;
				GCC_PREPROCESSOR_DEFINITIONS = (
					"DEBUG=1",
					"$(inherited)",
				);
				GCC_WARN_64_TO_32_BIT_CONVERSION = YES;
				GCC_WARN_ABOUT_RETURN_TYPE = YES_ERROR;
				GCC_WARN_UNDECLARED_SELECTOR = YES;
				GCC_WARN_UNINITIALIZED_AUTOS = YES_AGGRESSIVE;
				GCC_WARN_UNUSED_FUNCTION = YES;
				GCC_WARN_UNUSED_VARIABLE = YES;
				IPHONEOS_DEPLOYMENT_TARGET = 10.1;
				MTL_ENABLE_DEBUG_INFO = YES;
				ONLY_ACTIVE_ARCH = YES;
				SDKROOT = iphoneos;
				SWIFT_ACTIVE_COMPILATION_CONDITIONS = DEBUG;
				SWIFT_OPTIMIZATION_LEVEL = "-Onone";
				TARGETED_DEVICE_FAMILY = "1,2";
			};
			name = Debug;
		};
		5101914C1DC416C000BF21AA /* Release */ = {
			isa = XCBuildConfiguration;
			buildSettings = {
				ALWAYS_SEARCH_USER_PATHS = NO;
				CLANG_ANALYZER_NONNULL = YES;
				CLANG_CXX_LANGUAGE_STANDARD = "gnu++0x";
				CLANG_CXX_LIBRARY = "libc++";
				CLANG_ENABLE_MODULES = YES;
				CLANG_ENABLE_OBJC_ARC = YES;
				CLANG_WARN_BOOL_CONVERSION = YES;
				CLANG_WARN_CONSTANT_CONVERSION = YES;
				CLANG_WARN_DIRECT_OBJC_ISA_USAGE = YES_ERROR;
				CLANG_WARN_DOCUMENTATION_COMMENTS = YES;
				CLANG_WARN_EMPTY_BODY = YES;
				CLANG_WARN_ENUM_CONVERSION = YES;
				CLANG_WARN_INFINITE_RECURSION = YES;
				CLANG_WARN_INT_CONVERSION = YES;
				CLANG_WARN_OBJC_ROOT_CLASS = YES_ERROR;
				CLANG_WARN_SUSPICIOUS_MOVES = YES;
				CLANG_WARN_UNREACHABLE_CODE = YES;
				CLANG_WARN__DUPLICATE_METHOD_MATCH = YES;
				"CODE_SIGN_IDENTITY[sdk=iphoneos*]" = "iPhone Developer";
				COPY_PHASE_STRIP = NO;
				DEBUG_INFORMATION_FORMAT = "dwarf-with-dsym";
				ENABLE_NS_ASSERTIONS = NO;
				ENABLE_STRICT_OBJC_MSGSEND = YES;
				GCC_C_LANGUAGE_STANDARD = gnu99;
				GCC_NO_COMMON_BLOCKS = YES;
				GCC_WARN_64_TO_32_BIT_CONVERSION = YES;
				GCC_WARN_ABOUT_RETURN_TYPE = YES_ERROR;
				GCC_WARN_UNDECLARED_SELECTOR = YES;
				GCC_WARN_UNINITIALIZED_AUTOS = YES_AGGRESSIVE;
				GCC_WARN_UNUSED_FUNCTION = YES;
				GCC_WARN_UNUSED_VARIABLE = YES;
				IPHONEOS_DEPLOYMENT_TARGET = 10.1;
				MTL_ENABLE_DEBUG_INFO = NO;
				SDKROOT = iphoneos;
				SWIFT_OPTIMIZATION_LEVEL = "-Owholemodule";
				TARGETED_DEVICE_FAMILY = "1,2";
				VALIDATE_PRODUCT = YES;
			};
			name = Release;
		};
		5101914E1DC416C000BF21AA /* Debug */ = {
			isa = XCBuildConfiguration;
			baseConfigurationReference = 2C5276D8EFAB1D03FB778913 /* Pods-PushNotificationsSwift.debug.xcconfig */;
			buildSettings = {
				ASSETCATALOG_COMPILER_APPICON_NAME = AppIcon;
				DEVELOPMENT_TEAM = 8XP4D6N55Z;
				INFOPLIST_FILE = PushNotificationsSwift/Info.plist;
				LD_RUNPATH_SEARCH_PATHS = "$(inherited) @executable_path/Frameworks";
				PRODUCT_BUNDLE_IDENTIFIER = com.PubNub.PushNotificationsSwift;
				PRODUCT_NAME = "$(TARGET_NAME)";
				SWIFT_VERSION = 3.0;
			};
			name = Debug;
		};
		5101914F1DC416C000BF21AA /* Release */ = {
			isa = XCBuildConfiguration;
			baseConfigurationReference = 55BF0027924CFA44D5C94BCB /* Pods-PushNotificationsSwift.release.xcconfig */;
			buildSettings = {
				ASSETCATALOG_COMPILER_APPICON_NAME = AppIcon;
				DEVELOPMENT_TEAM = 8XP4D6N55Z;
				INFOPLIST_FILE = PushNotificationsSwift/Info.plist;
				LD_RUNPATH_SEARCH_PATHS = "$(inherited) @executable_path/Frameworks";
				PRODUCT_BUNDLE_IDENTIFIER = com.PubNub.PushNotificationsSwift;
				PRODUCT_NAME = "$(TARGET_NAME)";
				SWIFT_VERSION = 3.0;
			};
			name = Release;
		};
		510191511DC416C000BF21AA /* Debug */ = {
			isa = XCBuildConfiguration;
			buildSettings = {
				ALWAYS_EMBED_SWIFT_STANDARD_LIBRARIES = YES;
				BUNDLE_LOADER = "$(TEST_HOST)";
				DEVELOPMENT_TEAM = 8XP4D6N55Z;
				INFOPLIST_FILE = PushNotificationsSwiftTests/Info.plist;
				LD_RUNPATH_SEARCH_PATHS = "$(inherited) @executable_path/Frameworks @loader_path/Frameworks";
				PRODUCT_BUNDLE_IDENTIFIER = com.PubNub.PushNotificationsSwiftTests;
				PRODUCT_NAME = "$(TARGET_NAME)";
				SWIFT_VERSION = 3.0;
				TEST_HOST = "$(BUILT_PRODUCTS_DIR)/PushNotificationsSwift.app/PushNotificationsSwift";
			};
			name = Debug;
		};
		510191521DC416C000BF21AA /* Release */ = {
			isa = XCBuildConfiguration;
			buildSettings = {
				ALWAYS_EMBED_SWIFT_STANDARD_LIBRARIES = YES;
				BUNDLE_LOADER = "$(TEST_HOST)";
				DEVELOPMENT_TEAM = 8XP4D6N55Z;
				INFOPLIST_FILE = PushNotificationsSwiftTests/Info.plist;
				LD_RUNPATH_SEARCH_PATHS = "$(inherited) @executable_path/Frameworks @loader_path/Frameworks";
				PRODUCT_BUNDLE_IDENTIFIER = com.PubNub.PushNotificationsSwiftTests;
				PRODUCT_NAME = "$(TARGET_NAME)";
				SWIFT_VERSION = 3.0;
				TEST_HOST = "$(BUILT_PRODUCTS_DIR)/PushNotificationsSwift.app/PushNotificationsSwift";
			};
			name = Release;
		};
		510191541DC416C000BF21AA /* Debug */ = {
			isa = XCBuildConfiguration;
			buildSettings = {
				ALWAYS_EMBED_SWIFT_STANDARD_LIBRARIES = YES;
				DEVELOPMENT_TEAM = 8XP4D6N55Z;
				INFOPLIST_FILE = PushNotificationsSwiftUITests/Info.plist;
				LD_RUNPATH_SEARCH_PATHS = "$(inherited) @executable_path/Frameworks @loader_path/Frameworks";
				PRODUCT_BUNDLE_IDENTIFIER = com.PubNub.PushNotificationsSwiftUITests;
				PRODUCT_NAME = "$(TARGET_NAME)";
				SWIFT_VERSION = 3.0;
				TEST_TARGET_NAME = PushNotificationsSwift;
			};
			name = Debug;
		};
		510191551DC416C000BF21AA /* Release */ = {
			isa = XCBuildConfiguration;
			buildSettings = {
				ALWAYS_EMBED_SWIFT_STANDARD_LIBRARIES = YES;
				DEVELOPMENT_TEAM = 8XP4D6N55Z;
				INFOPLIST_FILE = PushNotificationsSwiftUITests/Info.plist;
				LD_RUNPATH_SEARCH_PATHS = "$(inherited) @executable_path/Frameworks @loader_path/Frameworks";
				PRODUCT_BUNDLE_IDENTIFIER = com.PubNub.PushNotificationsSwiftUITests;
				PRODUCT_NAME = "$(TARGET_NAME)";
				SWIFT_VERSION = 3.0;
				TEST_TARGET_NAME = PushNotificationsSwift;
			};
			name = Release;
		};
/* End XCBuildConfiguration section */

/* Begin XCConfigurationList section */
		510191201DC416C000BF21AA /* Build configuration list for PBXProject "PushNotificationsSwift" */ = {
			isa = XCConfigurationList;
			buildConfigurations = (
				5101914B1DC416C000BF21AA /* Debug */,
				5101914C1DC416C000BF21AA /* Release */,
			);
			defaultConfigurationIsVisible = 0;
			defaultConfigurationName = Release;
		};
		5101914D1DC416C000BF21AA /* Build configuration list for PBXNativeTarget "PushNotificationsSwift" */ = {
			isa = XCConfigurationList;
			buildConfigurations = (
				5101914E1DC416C000BF21AA /* Debug */,
				5101914F1DC416C000BF21AA /* Release */,
			);
			defaultConfigurationIsVisible = 0;
			defaultConfigurationName = Release;
		};
		510191501DC416C000BF21AA /* Build configuration list for PBXNativeTarget "PushNotificationsSwiftTests" */ = {
			isa = XCConfigurationList;
			buildConfigurations = (
				510191511DC416C000BF21AA /* Debug */,
				510191521DC416C000BF21AA /* Release */,
			);
			defaultConfigurationIsVisible = 0;
			defaultConfigurationName = Release;
		};
		510191531DC416C000BF21AA /* Build configuration list for PBXNativeTarget "PushNotificationsSwiftUITests" */ = {
			isa = XCConfigurationList;
			buildConfigurations = (
				510191541DC416C000BF21AA /* Debug */,
				510191551DC416C000BF21AA /* Release */,
			);
			defaultConfigurationIsVisible = 0;
			defaultConfigurationName = Release;
		};
/* End XCConfigurationList section */
	};
	rootObject = 5101911D1DC416C000BF21AA /* Project object */;
}
